// !$*UTF8*$!
{
	archiveVersion = 1;
	classes = {
	};
	objectVersion = 50;
	objects = {

/* Begin PBXBuildFile section */
		494E1C1F2610621F0077BD2D /* TACKticalApp.swift in Sources */ = {isa = PBXBuildFile; fileRef = 494E1C1E2610621F0077BD2D /* TACKticalApp.swift */; };
		494E1C212610621F0077BD2D /* ProfileView.swift in Sources */ = {isa = PBXBuildFile; fileRef = 494E1C202610621F0077BD2D /* ProfileView.swift */; };
		494E1C23261062200077BD2D /* Assets.xcassets in Resources */ = {isa = PBXBuildFile; fileRef = 494E1C22261062200077BD2D /* Assets.xcassets */; };
		494E1C26261062200077BD2D /* Preview Assets.xcassets in Resources */ = {isa = PBXBuildFile; fileRef = 494E1C25261062200077BD2D /* Preview Assets.xcassets */; };
		494E1C31261062200077BD2D /* TACKticalTests.swift in Sources */ = {isa = PBXBuildFile; fileRef = 494E1C30261062200077BD2D /* TACKticalTests.swift */; };
		494E1C3C261062210077BD2D /* TACKticalUITests.swift in Sources */ = {isa = PBXBuildFile; fileRef = 494E1C3B261062210077BD2D /* TACKticalUITests.swift */; };
		6675A4062613BF4400D1868E /* User.swift in Sources */ = {isa = PBXBuildFile; fileRef = 6675A4052613BF4400D1868E /* User.swift */; };
		6675A4072613BF4400D1868E /* User.swift in Sources */ = {isa = PBXBuildFile; fileRef = 6675A4052613BF4400D1868E /* User.swift */; };
		6675A4082613BF4400D1868E /* User.swift in Sources */ = {isa = PBXBuildFile; fileRef = 6675A4052613BF4400D1868E /* User.swift */; };
		6675A40E2613BF8300D1868E /* CustomModifer.swift in Sources */ = {isa = PBXBuildFile; fileRef = 6675A40D2613BF8300D1868E /* CustomModifer.swift */; };
		6675A40F2613BF8300D1868E /* CustomModifer.swift in Sources */ = {isa = PBXBuildFile; fileRef = 6675A40D2613BF8300D1868E /* CustomModifer.swift */; };
		6675A4102613BF8300D1868E /* CustomModifer.swift in Sources */ = {isa = PBXBuildFile; fileRef = 6675A40D2613BF8300D1868E /* CustomModifer.swift */; };
		6675A4182613BFAD00D1868E /* CustomTextField.swift in Sources */ = {isa = PBXBuildFile; fileRef = 6675A4172613BFAD00D1868E /* CustomTextField.swift */; };
		6675A4192613BFAD00D1868E /* CustomTextField.swift in Sources */ = {isa = PBXBuildFile; fileRef = 6675A4172613BFAD00D1868E /* CustomTextField.swift */; };
		6675A41A2613BFAD00D1868E /* CustomTextField.swift in Sources */ = {isa = PBXBuildFile; fileRef = 6675A4172613BFAD00D1868E /* CustomTextField.swift */; };
		6675A4202613BFE100D1868E /* UIConfiguration.swift in Sources */ = {isa = PBXBuildFile; fileRef = 6675A41F2613BFE100D1868E /* UIConfiguration.swift */; };
		6675A4212613BFE100D1868E /* UIConfiguration.swift in Sources */ = {isa = PBXBuildFile; fileRef = 6675A41F2613BFE100D1868E /* UIConfiguration.swift */; };
		6675A4222613BFE100D1868E /* UIConfiguration.swift in Sources */ = {isa = PBXBuildFile; fileRef = 6675A41F2613BFE100D1868E /* UIConfiguration.swift */; };
		6675A42A2613C00800D1868E /* UIColorExt.swift in Sources */ = {isa = PBXBuildFile; fileRef = 6675A4292613C00800D1868E /* UIColorExt.swift */; };
		6675A42B2613C00800D1868E /* UIColorExt.swift in Sources */ = {isa = PBXBuildFile; fileRef = 6675A4292613C00800D1868E /* UIColorExt.swift */; };
		6675A42C2613C00800D1868E /* UIColorExt.swift in Sources */ = {isa = PBXBuildFile; fileRef = 6675A4292613C00800D1868E /* UIColorExt.swift */; };
		6675A4312613C02D00D1868E /* AppState.swift in Sources */ = {isa = PBXBuildFile; fileRef = 6675A4302613C02D00D1868E /* AppState.swift */; };
		6675A4322613C02D00D1868E /* AppState.swift in Sources */ = {isa = PBXBuildFile; fileRef = 6675A4302613C02D00D1868E /* AppState.swift */; };
		6675A4332613C02D00D1868E /* AppState.swift in Sources */ = {isa = PBXBuildFile; fileRef = 6675A4302613C02D00D1868E /* AppState.swift */; };
		6675A4432613C08A00D1868E /* AuthAPI.swift in Sources */ = {isa = PBXBuildFile; fileRef = 6675A4422613C08A00D1868E /* AuthAPI.swift */; };
		6675A4442613C08A00D1868E /* AuthAPI.swift in Sources */ = {isa = PBXBuildFile; fileRef = 6675A4422613C08A00D1868E /* AuthAPI.swift */; };
		6675A4452613C08A00D1868E /* AuthAPI.swift in Sources */ = {isa = PBXBuildFile; fileRef = 6675A4422613C08A00D1868E /* AuthAPI.swift */; };
		6675A44D2613C0BD00D1868E /* AuthService.swift in Sources */ = {isa = PBXBuildFile; fileRef = 6675A44C2613C0BD00D1868E /* AuthService.swift */; };
		6675A44E2613C0BD00D1868E /* AuthService.swift in Sources */ = {isa = PBXBuildFile; fileRef = 6675A44C2613C0BD00D1868E /* AuthService.swift */; };
		6675A44F2613C0BD00D1868E /* AuthService.swift in Sources */ = {isa = PBXBuildFile; fileRef = 6675A44C2613C0BD00D1868E /* AuthService.swift */; };
		6675A45F2613C17400D1868E /* StatusViewModel.swift in Sources */ = {isa = PBXBuildFile; fileRef = 6675A45E2613C17400D1868E /* StatusViewModel.swift */; };
		6675A4602613C17400D1868E /* StatusViewModel.swift in Sources */ = {isa = PBXBuildFile; fileRef = 6675A45E2613C17400D1868E /* StatusViewModel.swift */; };
		6675A4612613C17400D1868E /* StatusViewModel.swift in Sources */ = {isa = PBXBuildFile; fileRef = 6675A45E2613C17400D1868E /* StatusViewModel.swift */; };
		6675A4692613C19100D1868E /* SignUpViewModel.swift in Sources */ = {isa = PBXBuildFile; fileRef = 6675A4682613C19100D1868E /* SignUpViewModel.swift */; };
		6675A46A2613C19100D1868E /* SignUpViewModel.swift in Sources */ = {isa = PBXBuildFile; fileRef = 6675A4682613C19100D1868E /* SignUpViewModel.swift */; };
		6675A46B2613C19100D1868E /* SignUpViewModel.swift in Sources */ = {isa = PBXBuildFile; fileRef = 6675A4682613C19100D1868E /* SignUpViewModel.swift */; };
		6675A4702613C1A800D1868E /* SignInViewModel.swift in Sources */ = {isa = PBXBuildFile; fileRef = 6675A46F2613C1A800D1868E /* SignInViewModel.swift */; };
		6675A4712613C1A800D1868E /* SignInViewModel.swift in Sources */ = {isa = PBXBuildFile; fileRef = 6675A46F2613C1A800D1868E /* SignInViewModel.swift */; };
		6675A4722613C1A800D1868E /* SignInViewModel.swift in Sources */ = {isa = PBXBuildFile; fileRef = 6675A46F2613C1A800D1868E /* SignInViewModel.swift */; };
		6675A4782613C20200D1868E /* SplashView.swift in Sources */ = {isa = PBXBuildFile; fileRef = 6675A4772613C20200D1868E /* SplashView.swift */; };
		6675A4792613C20200D1868E /* SplashView.swift in Sources */ = {isa = PBXBuildFile; fileRef = 6675A4772613C20200D1868E /* SplashView.swift */; };
		6675A47A2613C20200D1868E /* SplashView.swift in Sources */ = {isa = PBXBuildFile; fileRef = 6675A4772613C20200D1868E /* SplashView.swift */; };
		6675A4822613C21F00D1868E /* SignUpView.swift in Sources */ = {isa = PBXBuildFile; fileRef = 6675A4812613C21F00D1868E /* SignUpView.swift */; };
		6675A4832613C21F00D1868E /* SignUpView.swift in Sources */ = {isa = PBXBuildFile; fileRef = 6675A4812613C21F00D1868E /* SignUpView.swift */; };
		6675A4842613C21F00D1868E /* SignUpView.swift in Sources */ = {isa = PBXBuildFile; fileRef = 6675A4812613C21F00D1868E /* SignUpView.swift */; };
		6675A4892613C23500D1868E /* SignInView.swift in Sources */ = {isa = PBXBuildFile; fileRef = 6675A4882613C23500D1868E /* SignInView.swift */; };
		6675A48A2613C23500D1868E /* SignInView.swift in Sources */ = {isa = PBXBuildFile; fileRef = 6675A4882613C23500D1868E /* SignInView.swift */; };
		6675A48B2613C23500D1868E /* SignInView.swift in Sources */ = {isa = PBXBuildFile; fileRef = 6675A4882613C23500D1868E /* SignInView.swift */; };
		6675A4902613C25200D1868E /* WelcomeView.swift in Sources */ = {isa = PBXBuildFile; fileRef = 6675A48F2613C25200D1868E /* WelcomeView.swift */; };
		6675A4912613C25200D1868E /* WelcomeView.swift in Sources */ = {isa = PBXBuildFile; fileRef = 6675A48F2613C25200D1868E /* WelcomeView.swift */; };
		6675A4922613C25200D1868E /* WelcomeView.swift in Sources */ = {isa = PBXBuildFile; fileRef = 6675A48F2613C25200D1868E /* WelcomeView.swift */; };
		6675A4972613C27300D1868E /* DrawerView.swift in Sources */ = {isa = PBXBuildFile; fileRef = 6675A4962613C27300D1868E /* DrawerView.swift */; };
		6675A4982613C27300D1868E /* DrawerView.swift in Sources */ = {isa = PBXBuildFile; fileRef = 6675A4962613C27300D1868E /* DrawerView.swift */; };
		6675A4992613C27300D1868E /* DrawerView.swift in Sources */ = {isa = PBXBuildFile; fileRef = 6675A4962613C27300D1868E /* DrawerView.swift */; };
		6675A49E2613C29700D1868E /* HomeView.swift in Sources */ = {isa = PBXBuildFile; fileRef = 6675A49D2613C29700D1868E /* HomeView.swift */; };
		6675A49F2613C29700D1868E /* HomeView.swift in Sources */ = {isa = PBXBuildFile; fileRef = 6675A49D2613C29700D1868E /* HomeView.swift */; };
		6675A4A02613C29700D1868E /* HomeView.swift in Sources */ = {isa = PBXBuildFile; fileRef = 6675A49D2613C29700D1868E /* HomeView.swift */; };
		6675A4A52613C2BB00D1868E /* AppDelegate.swift in Sources */ = {isa = PBXBuildFile; fileRef = 6675A4A42613C2BB00D1868E /* AppDelegate.swift */; };
		6675A4A62613C2BB00D1868E /* AppDelegate.swift in Sources */ = {isa = PBXBuildFile; fileRef = 6675A4A42613C2BB00D1868E /* AppDelegate.swift */; };
		6675A4A72613C2BB00D1868E /* AppDelegate.swift in Sources */ = {isa = PBXBuildFile; fileRef = 6675A4A42613C2BB00D1868E /* AppDelegate.swift */; };
		6675A4AC2613C2F500D1868E /* SceneDelegate.swift in Sources */ = {isa = PBXBuildFile; fileRef = 6675A4AB2613C2F500D1868E /* SceneDelegate.swift */; };
		6675A4AD2613C2F500D1868E /* SceneDelegate.swift in Sources */ = {isa = PBXBuildFile; fileRef = 6675A4AB2613C2F500D1868E /* SceneDelegate.swift */; };
		6675A4AE2613C2F500D1868E /* SceneDelegate.swift in Sources */ = {isa = PBXBuildFile; fileRef = 6675A4AB2613C2F500D1868E /* SceneDelegate.swift */; };
		6675A4B32613C7DB00D1868E /* Launch Screen.storyboard in Resources */ = {isa = PBXBuildFile; fileRef = 6675A4B22613C7DB00D1868E /* Launch Screen.storyboard */; };
		6675A4B42613C7DB00D1868E /* Launch Screen.storyboard in Resources */ = {isa = PBXBuildFile; fileRef = 6675A4B22613C7DB00D1868E /* Launch Screen.storyboard */; };
		6675A4B52613C7DB00D1868E /* Launch Screen.storyboard in Resources */ = {isa = PBXBuildFile; fileRef = 6675A4B22613C7DB00D1868E /* Launch Screen.storyboard */; };
		6675A4BA2613C90200D1868E /* FirebaseStarterSwiftUIApp.app in Resources */ = {isa = PBXBuildFile; fileRef = 6675A4B92613C90200D1868E /* FirebaseStarterSwiftUIApp.app */; };
		6675A4BB2613C90200D1868E /* FirebaseStarterSwiftUIApp.app in Resources */ = {isa = PBXBuildFile; fileRef = 6675A4B92613C90200D1868E /* FirebaseStarterSwiftUIApp.app */; };
		6675A4BC2613C90200D1868E /* FirebaseStarterSwiftUIApp.app in Resources */ = {isa = PBXBuildFile; fileRef = 6675A4B92613C90200D1868E /* FirebaseStarterSwiftUIApp.app */; };
		94445C16E18DC4F79D27A70D /* Pods_TACKtical.framework in Frameworks */ = {isa = PBXBuildFile; fileRef = 20C804997A744CD1EA1D8BE8 /* Pods_TACKtical.framework */; };
/* End PBXBuildFile section */

/* Begin PBXContainerItemProxy section */
		494E1C2D261062200077BD2D /* PBXContainerItemProxy */ = {
			isa = PBXContainerItemProxy;
			containerPortal = 494E1C132610621F0077BD2D /* Project object */;
			proxyType = 1;
			remoteGlobalIDString = 494E1C1A2610621F0077BD2D;
			remoteInfo = TACKtical;
		};
		494E1C38261062210077BD2D /* PBXContainerItemProxy */ = {
			isa = PBXContainerItemProxy;
			containerPortal = 494E1C132610621F0077BD2D /* Project object */;
			proxyType = 1;
			remoteGlobalIDString = 494E1C1A2610621F0077BD2D;
			remoteInfo = TACKtical;
		};
/* End PBXContainerItemProxy section */

/* Begin PBXFileReference section */
		20C804997A744CD1EA1D8BE8 /* Pods_TACKtical.framework */ = {isa = PBXFileReference; explicitFileType = wrapper.framework; includeInIndex = 0; path = Pods_TACKtical.framework; sourceTree = BUILT_PRODUCTS_DIR; };
		494E1C1B2610621F0077BD2D /* TACKtical.app */ = {isa = PBXFileReference; explicitFileType = wrapper.application; includeInIndex = 0; path = TACKtical.app; sourceTree = BUILT_PRODUCTS_DIR; };
		494E1C1E2610621F0077BD2D /* TACKticalApp.swift */ = {isa = PBXFileReference; lastKnownFileType = sourcecode.swift; path = TACKticalApp.swift; sourceTree = "<group>"; };
		494E1C202610621F0077BD2D /* ProfileView.swift */ = {isa = PBXFileReference; lastKnownFileType = sourcecode.swift; path = ProfileView.swift; sourceTree = "<group>"; };
		494E1C22261062200077BD2D /* Assets.xcassets */ = {isa = PBXFileReference; lastKnownFileType = folder.assetcatalog; path = Assets.xcassets; sourceTree = "<group>"; };
		494E1C25261062200077BD2D /* Preview Assets.xcassets */ = {isa = PBXFileReference; lastKnownFileType = folder.assetcatalog; path = "Preview Assets.xcassets"; sourceTree = "<group>"; };
		494E1C27261062200077BD2D /* Info.plist */ = {isa = PBXFileReference; lastKnownFileType = text.plist.xml; path = Info.plist; sourceTree = "<group>"; };
		494E1C2C261062200077BD2D /* TACKticalTests.xctest */ = {isa = PBXFileReference; explicitFileType = wrapper.cfbundle; includeInIndex = 0; path = TACKticalTests.xctest; sourceTree = BUILT_PRODUCTS_DIR; };
		494E1C30261062200077BD2D /* TACKticalTests.swift */ = {isa = PBXFileReference; lastKnownFileType = sourcecode.swift; path = TACKticalTests.swift; sourceTree = "<group>"; };
		494E1C32261062200077BD2D /* Info.plist */ = {isa = PBXFileReference; lastKnownFileType = text.plist.xml; path = Info.plist; sourceTree = "<group>"; };
		494E1C37261062210077BD2D /* TACKticalUITests.xctest */ = {isa = PBXFileReference; explicitFileType = wrapper.cfbundle; includeInIndex = 0; path = TACKticalUITests.xctest; sourceTree = BUILT_PRODUCTS_DIR; };
		494E1C3B261062210077BD2D /* TACKticalUITests.swift */ = {isa = PBXFileReference; lastKnownFileType = sourcecode.swift; path = TACKticalUITests.swift; sourceTree = "<group>"; };
		494E1C3D261062210077BD2D /* Info.plist */ = {isa = PBXFileReference; lastKnownFileType = text.plist.xml; path = Info.plist; sourceTree = "<group>"; };
		666BBE7246720DC2DF3D043D /* Pods-TACKtical.release.xcconfig */ = {isa = PBXFileReference; includeInIndex = 1; lastKnownFileType = text.xcconfig; name = "Pods-TACKtical.release.xcconfig"; path = "Target Support Files/Pods-TACKtical/Pods-TACKtical.release.xcconfig"; sourceTree = "<group>"; };
		6675A4052613BF4400D1868E /* User.swift */ = {isa = PBXFileReference; lastKnownFileType = sourcecode.swift; path = User.swift; sourceTree = "<group>"; };
		6675A40D2613BF8300D1868E /* CustomModifer.swift */ = {isa = PBXFileReference; lastKnownFileType = sourcecode.swift; path = CustomModifer.swift; sourceTree = "<group>"; };
		6675A4172613BFAD00D1868E /* CustomTextField.swift */ = {isa = PBXFileReference; lastKnownFileType = sourcecode.swift; path = CustomTextField.swift; sourceTree = "<group>"; };
		6675A41F2613BFE100D1868E /* UIConfiguration.swift */ = {isa = PBXFileReference; lastKnownFileType = sourcecode.swift; path = UIConfiguration.swift; sourceTree = "<group>"; };
		6675A4292613C00800D1868E /* UIColorExt.swift */ = {isa = PBXFileReference; lastKnownFileType = sourcecode.swift; path = UIColorExt.swift; sourceTree = "<group>"; };
		6675A4302613C02D00D1868E /* AppState.swift */ = {isa = PBXFileReference; lastKnownFileType = sourcecode.swift; path = AppState.swift; sourceTree = "<group>"; };
		6675A4422613C08A00D1868E /* AuthAPI.swift */ = {isa = PBXFileReference; lastKnownFileType = sourcecode.swift; path = AuthAPI.swift; sourceTree = "<group>"; };
		6675A44C2613C0BD00D1868E /* AuthService.swift */ = {isa = PBXFileReference; lastKnownFileType = sourcecode.swift; path = AuthService.swift; sourceTree = "<group>"; };
		6675A45E2613C17400D1868E /* StatusViewModel.swift */ = {isa = PBXFileReference; lastKnownFileType = sourcecode.swift; path = StatusViewModel.swift; sourceTree = "<group>"; };
		6675A4682613C19100D1868E /* SignUpViewModel.swift */ = {isa = PBXFileReference; lastKnownFileType = sourcecode.swift; path = SignUpViewModel.swift; sourceTree = "<group>"; };
		6675A46F2613C1A800D1868E /* SignInViewModel.swift */ = {isa = PBXFileReference; lastKnownFileType = sourcecode.swift; path = SignInViewModel.swift; sourceTree = "<group>"; };
		6675A4772613C20200D1868E /* SplashView.swift */ = {isa = PBXFileReference; lastKnownFileType = sourcecode.swift; path = SplashView.swift; sourceTree = "<group>"; };
		6675A4812613C21F00D1868E /* SignUpView.swift */ = {isa = PBXFileReference; lastKnownFileType = sourcecode.swift; path = SignUpView.swift; sourceTree = "<group>"; };
		6675A4882613C23500D1868E /* SignInView.swift */ = {isa = PBXFileReference; lastKnownFileType = sourcecode.swift; path = SignInView.swift; sourceTree = "<group>"; };
		6675A48F2613C25200D1868E /* WelcomeView.swift */ = {isa = PBXFileReference; lastKnownFileType = sourcecode.swift; path = WelcomeView.swift; sourceTree = "<group>"; };
		6675A4962613C27300D1868E /* DrawerView.swift */ = {isa = PBXFileReference; lastKnownFileType = sourcecode.swift; path = DrawerView.swift; sourceTree = "<group>"; };
		6675A49D2613C29700D1868E /* HomeView.swift */ = {isa = PBXFileReference; lastKnownFileType = sourcecode.swift; path = HomeView.swift; sourceTree = "<group>"; };
		6675A4A42613C2BB00D1868E /* AppDelegate.swift */ = {isa = PBXFileReference; lastKnownFileType = sourcecode.swift; path = AppDelegate.swift; sourceTree = "<group>"; };
		6675A4AB2613C2F500D1868E /* SceneDelegate.swift */ = {isa = PBXFileReference; lastKnownFileType = sourcecode.swift; path = SceneDelegate.swift; sourceTree = "<group>"; };
		6675A4B22613C7DB00D1868E /* Launch Screen.storyboard */ = {isa = PBXFileReference; lastKnownFileType = file.storyboard; path = "Launch Screen.storyboard"; sourceTree = "<group>"; };
		6675A4B92613C90200D1868E /* FirebaseStarterSwiftUIApp.app */ = {isa = PBXFileReference; lastKnownFileType = wrapper.application; name = FirebaseStarterSwiftUIApp.app; path = "../../../Library/Developer/Xcode/DerivedData/FirebaseStarterSwiftUIApp-ezyjnjcwtpvhhvgkptbikjedrwzh/Build/Products/Debug-iphonesimulator/FirebaseStarterSwiftUIApp.app"; sourceTree = "<group>"; };
		C13AA9DE59ACAA18F0C06FA4 /* Pods-TACKtical.debug.xcconfig */ = {isa = PBXFileReference; includeInIndex = 1; lastKnownFileType = text.xcconfig; name = "Pods-TACKtical.debug.xcconfig"; path = "Target Support Files/Pods-TACKtical/Pods-TACKtical.debug.xcconfig"; sourceTree = "<group>"; };
/* End PBXFileReference section */

/* Begin PBXFrameworksBuildPhase section */
		494E1C182610621F0077BD2D /* Frameworks */ = {
			isa = PBXFrameworksBuildPhase;
			buildActionMask = 2147483647;
			files = (
				94445C16E18DC4F79D27A70D /* Pods_TACKtical.framework in Frameworks */,
			);
			runOnlyForDeploymentPostprocessing = 0;
		};
		494E1C29261062200077BD2D /* Frameworks */ = {
			isa = PBXFrameworksBuildPhase;
			buildActionMask = 2147483647;
			files = (
			);
			runOnlyForDeploymentPostprocessing = 0;
		};
		494E1C34261062210077BD2D /* Frameworks */ = {
			isa = PBXFrameworksBuildPhase;
			buildActionMask = 2147483647;
			files = (
			);
			runOnlyForDeploymentPostprocessing = 0;
		};
/* End PBXFrameworksBuildPhase section */

/* Begin PBXGroup section */
		494E1C122610621F0077BD2D = {
			isa = PBXGroup;
			children = (
				494E1C1D2610621F0077BD2D /* TACKtical */,
				494E1C2F261062200077BD2D /* TACKticalTests */,
				494E1C3A261062210077BD2D /* TACKticalUITests */,
				494E1C1C2610621F0077BD2D /* Products */,
				694387866817BC017414A842 /* Pods */,
				9601353FD2A7D34EEEBCF1C3 /* Frameworks */,
			);
			sourceTree = "<group>";
		};
		494E1C1C2610621F0077BD2D /* Products */ = {
			isa = PBXGroup;
			children = (
				494E1C1B2610621F0077BD2D /* TACKtical.app */,
				494E1C2C261062200077BD2D /* TACKticalTests.xctest */,
				494E1C37261062210077BD2D /* TACKticalUITests.xctest */,
			);
			name = Products;
			sourceTree = "<group>";
		};
		494E1C1D2610621F0077BD2D /* TACKtical */ = {
			isa = PBXGroup;
			children = (
				6675A4012613BF0700D1868E /* Model */,
				6675A40C2613BF7100D1868E /* Components */,
				6675A41E2613BFCD00D1868E /* Configuration */,
				6675A4412613C05A00D1868E /* Service */,
				6675A45D2613C10700D1868E /* ViewModel */,
				6675A4762613C1C800D1868E /* View */,
				6675A4A42613C2BB00D1868E /* AppDelegate.swift */,
				6675A4AB2613C2F500D1868E /* SceneDelegate.swift */,
				494E1C1E2610621F0077BD2D /* TACKticalApp.swift */,
				494E1C202610621F0077BD2D /* ProfileView.swift */,
				494E1C22261062200077BD2D /* Assets.xcassets */,
				6675A4B22613C7DB00D1868E /* Launch Screen.storyboard */,
				494E1C27261062200077BD2D /* Info.plist */,
				494E1C24261062200077BD2D /* Preview Content */,
			);
			path = TACKtical;
			sourceTree = "<group>";
		};
		494E1C24261062200077BD2D /* Preview Content */ = {
			isa = PBXGroup;
			children = (
				494E1C25261062200077BD2D /* Preview Assets.xcassets */,
			);
			path = "Preview Content";
			sourceTree = "<group>";
		};
		494E1C2F261062200077BD2D /* TACKticalTests */ = {
			isa = PBXGroup;
			children = (
				494E1C30261062200077BD2D /* TACKticalTests.swift */,
				494E1C32261062200077BD2D /* Info.plist */,
			);
			path = TACKticalTests;
			sourceTree = "<group>";
		};
		494E1C3A261062210077BD2D /* TACKticalUITests */ = {
			isa = PBXGroup;
			children = (
				6675A4B92613C90200D1868E /* FirebaseStarterSwiftUIApp.app */,
				494E1C3B261062210077BD2D /* TACKticalUITests.swift */,
				494E1C3D261062210077BD2D /* Info.plist */,
			);
			path = TACKticalUITests;
			sourceTree = "<group>";
		};
		6675A4012613BF0700D1868E /* Model */ = {
			isa = PBXGroup;
			children = (
				6675A4052613BF4400D1868E /* User.swift */,
			);
			path = Model;
			sourceTree = "<group>";
		};
		6675A40C2613BF7100D1868E /* Components */ = {
			isa = PBXGroup;
			children = (
				6675A40D2613BF8300D1868E /* CustomModifer.swift */,
				6675A4172613BFAD00D1868E /* CustomTextField.swift */,
			);
			path = Components;
			sourceTree = "<group>";
		};
		6675A41E2613BFCD00D1868E /* Configuration */ = {
			isa = PBXGroup;
			children = (
				6675A41F2613BFE100D1868E /* UIConfiguration.swift */,
				6675A4292613C00800D1868E /* UIColorExt.swift */,
				6675A4302613C02D00D1868E /* AppState.swift */,
			);
			path = Configuration;
			sourceTree = "<group>";
		};
		6675A4412613C05A00D1868E /* Service */ = {
			isa = PBXGroup;
			children = (
				6675A4422613C08A00D1868E /* AuthAPI.swift */,
				6675A44C2613C0BD00D1868E /* AuthService.swift */,
			);
			path = Service;
			sourceTree = "<group>";
		};
		6675A45D2613C10700D1868E /* ViewModel */ = {
			isa = PBXGroup;
			children = (
				6675A45E2613C17400D1868E /* StatusViewModel.swift */,
				6675A4682613C19100D1868E /* SignUpViewModel.swift */,
				6675A46F2613C1A800D1868E /* SignInViewModel.swift */,
			);
			path = ViewModel;
			sourceTree = "<group>";
		};
		6675A4762613C1C800D1868E /* View */ = {
			isa = PBXGroup;
			children = (
				6675A4772613C20200D1868E /* SplashView.swift */,
				6675A4812613C21F00D1868E /* SignUpView.swift */,
				6675A4882613C23500D1868E /* SignInView.swift */,
				6675A48F2613C25200D1868E /* WelcomeView.swift */,
				6675A4962613C27300D1868E /* DrawerView.swift */,
				6675A49D2613C29700D1868E /* HomeView.swift */,
			);
			path = View;
			sourceTree = "<group>";
		};
		694387866817BC017414A842 /* Pods */ = {
			isa = PBXGroup;
			children = (
				C13AA9DE59ACAA18F0C06FA4 /* Pods-TACKtical.debug.xcconfig */,
				666BBE7246720DC2DF3D043D /* Pods-TACKtical.release.xcconfig */,
			);
			name = Pods;
			path = Pods;
			sourceTree = "<group>";
		};
		9601353FD2A7D34EEEBCF1C3 /* Frameworks */ = {
			isa = PBXGroup;
			children = (
				20C804997A744CD1EA1D8BE8 /* Pods_TACKtical.framework */,
			);
			name = Frameworks;
			sourceTree = "<group>";
		};
/* End PBXGroup section */

/* Begin PBXNativeTarget section */
		494E1C1A2610621F0077BD2D /* TACKtical */ = {
			isa = PBXNativeTarget;
			buildConfigurationList = 494E1C40261062210077BD2D /* Build configuration list for PBXNativeTarget "TACKtical" */;
			buildPhases = (
				7F747AECEE70149BB2621E12 /* [CP] Check Pods Manifest.lock */,
				494E1C172610621F0077BD2D /* Sources */,
				494E1C182610621F0077BD2D /* Frameworks */,
				494E1C192610621F0077BD2D /* Resources */,
				C2CDD32A18395E84DC050A41 /* [CP] Embed Pods Frameworks */,
			);
			buildRules = (
			);
			dependencies = (
			);
			name = TACKtical;
			productName = TACKtical;
			productReference = 494E1C1B2610621F0077BD2D /* TACKtical.app */;
			productType = "com.apple.product-type.application";
		};
		494E1C2B261062200077BD2D /* TACKticalTests */ = {
			isa = PBXNativeTarget;
			buildConfigurationList = 494E1C43261062210077BD2D /* Build configuration list for PBXNativeTarget "TACKticalTests" */;
			buildPhases = (
				494E1C28261062200077BD2D /* Sources */,
				494E1C29261062200077BD2D /* Frameworks */,
				494E1C2A261062200077BD2D /* Resources */,
			);
			buildRules = (
			);
			dependencies = (
				494E1C2E261062200077BD2D /* PBXTargetDependency */,
			);
			name = TACKticalTests;
			productName = TACKticalTests;
			productReference = 494E1C2C261062200077BD2D /* TACKticalTests.xctest */;
			productType = "com.apple.product-type.bundle.unit-test";
		};
		494E1C36261062210077BD2D /* TACKticalUITests */ = {
			isa = PBXNativeTarget;
			buildConfigurationList = 494E1C46261062210077BD2D /* Build configuration list for PBXNativeTarget "TACKticalUITests" */;
			buildPhases = (
				494E1C33261062210077BD2D /* Sources */,
				494E1C34261062210077BD2D /* Frameworks */,
				494E1C35261062210077BD2D /* Resources */,
			);
			buildRules = (
			);
			dependencies = (
				494E1C39261062210077BD2D /* PBXTargetDependency */,
			);
			name = TACKticalUITests;
			productName = TACKticalUITests;
			productReference = 494E1C37261062210077BD2D /* TACKticalUITests.xctest */;
			productType = "com.apple.product-type.bundle.ui-testing";
		};
/* End PBXNativeTarget section */

/* Begin PBXProject section */
		494E1C132610621F0077BD2D /* Project object */ = {
			isa = PBXProject;
			attributes = {
				LastSwiftUpdateCheck = 1240;
				LastUpgradeCheck = 1240;
				TargetAttributes = {
					494E1C1A2610621F0077BD2D = {
						CreatedOnToolsVersion = 12.4;
					};
					494E1C2B261062200077BD2D = {
						CreatedOnToolsVersion = 12.4;
						TestTargetID = 494E1C1A2610621F0077BD2D;
					};
					494E1C36261062210077BD2D = {
						CreatedOnToolsVersion = 12.4;
						TestTargetID = 494E1C1A2610621F0077BD2D;
					};
				};
			};
			buildConfigurationList = 494E1C162610621F0077BD2D /* Build configuration list for PBXProject "TACKtical" */;
			compatibilityVersion = "Xcode 9.3";
			developmentRegion = en;
			hasScannedForEncodings = 0;
			knownRegions = (
				en,
				Base,
			);
			mainGroup = 494E1C122610621F0077BD2D;
			productRefGroup = 494E1C1C2610621F0077BD2D /* Products */;
			projectDirPath = "";
			projectRoot = "";
			targets = (
				494E1C1A2610621F0077BD2D /* TACKtical */,
				494E1C2B261062200077BD2D /* TACKticalTests */,
				494E1C36261062210077BD2D /* TACKticalUITests */,
			);
		};
/* End PBXProject section */

/* Begin PBXResourcesBuildPhase section */
		494E1C192610621F0077BD2D /* Resources */ = {
			isa = PBXResourcesBuildPhase;
			buildActionMask = 2147483647;
			files = (
				6675A4B32613C7DB00D1868E /* Launch Screen.storyboard in Resources */,
				494E1C26261062200077BD2D /* Preview Assets.xcassets in Resources */,
				6675A4BA2613C90200D1868E /* FirebaseStarterSwiftUIApp.app in Resources */,
				494E1C23261062200077BD2D /* Assets.xcassets in Resources */,
			);
			runOnlyForDeploymentPostprocessing = 0;
		};
		494E1C2A261062200077BD2D /* Resources */ = {
			isa = PBXResourcesBuildPhase;
			buildActionMask = 2147483647;
			files = (
				6675A4BB2613C90200D1868E /* FirebaseStarterSwiftUIApp.app in Resources */,
				6675A4B42613C7DB00D1868E /* Launch Screen.storyboard in Resources */,
			);
			runOnlyForDeploymentPostprocessing = 0;
		};
		494E1C35261062210077BD2D /* Resources */ = {
			isa = PBXResourcesBuildPhase;
			buildActionMask = 2147483647;
			files = (
				6675A4BC2613C90200D1868E /* FirebaseStarterSwiftUIApp.app in Resources */,
				6675A4B52613C7DB00D1868E /* Launch Screen.storyboard in Resources */,
			);
			runOnlyForDeploymentPostprocessing = 0;
		};
/* End PBXResourcesBuildPhase section */

/* Begin PBXShellScriptBuildPhase section */
		7F747AECEE70149BB2621E12 /* [CP] Check Pods Manifest.lock */ = {
			isa = PBXShellScriptBuildPhase;
			buildActionMask = 2147483647;
			files = (
			);
			inputFileListPaths = (
			);
			inputPaths = (
				"${PODS_PODFILE_DIR_PATH}/Podfile.lock",
				"${PODS_ROOT}/Manifest.lock",
			);
			name = "[CP] Check Pods Manifest.lock";
			outputFileListPaths = (
			);
			outputPaths = (
				"$(DERIVED_FILE_DIR)/Pods-TACKtical-checkManifestLockResult.txt",
			);
			runOnlyForDeploymentPostprocessing = 0;
			shellPath = /bin/sh;
			shellScript = "diff \"${PODS_PODFILE_DIR_PATH}/Podfile.lock\" \"${PODS_ROOT}/Manifest.lock\" > /dev/null\nif [ $? != 0 ] ; then\n    # print error to STDERR\n    echo \"error: The sandbox is not in sync with the Podfile.lock. Run 'pod install' or update your CocoaPods installation.\" >&2\n    exit 1\nfi\n# This output is used by Xcode 'outputs' to avoid re-running this script phase.\necho \"SUCCESS\" > \"${SCRIPT_OUTPUT_FILE_0}\"\n";
			showEnvVarsInLog = 0;
		};
		C2CDD32A18395E84DC050A41 /* [CP] Embed Pods Frameworks */ = {
			isa = PBXShellScriptBuildPhase;
			buildActionMask = 2147483647;
			files = (
			);
			inputFileListPaths = (
				"${PODS_ROOT}/Target Support Files/Pods-TACKtical/Pods-TACKtical-frameworks-${CONFIGURATION}-input-files.xcfilelist",
			);
			name = "[CP] Embed Pods Frameworks";
			outputFileListPaths = (
				"${PODS_ROOT}/Target Support Files/Pods-TACKtical/Pods-TACKtical-frameworks-${CONFIGURATION}-output-files.xcfilelist",
			);
			runOnlyForDeploymentPostprocessing = 0;
			shellPath = /bin/sh;
			shellScript = "\"${PODS_ROOT}/Target Support Files/Pods-TACKtical/Pods-TACKtical-frameworks.sh\"\n";
			showEnvVarsInLog = 0;
		};
/* End PBXShellScriptBuildPhase section */

/* Begin PBXSourcesBuildPhase section */
		494E1C172610621F0077BD2D /* Sources */ = {
			isa = PBXSourcesBuildPhase;
			buildActionMask = 2147483647;
			files = (
				494E1C212610621F0077BD2D /* ProfileView.swift in Sources */,
				6675A4822613C21F00D1868E /* SignUpView.swift in Sources */,
				494E1C1F2610621F0077BD2D /* TACKticalApp.swift in Sources */,
				6675A4972613C27300D1868E /* DrawerView.swift in Sources */,
				6675A4062613BF4400D1868E /* User.swift in Sources */,
				6675A4312613C02D00D1868E /* AppState.swift in Sources */,
				6675A4902613C25200D1868E /* WelcomeView.swift in Sources */,
				6675A4702613C1A800D1868E /* SignInViewModel.swift in Sources */,
				6675A4AC2613C2F500D1868E /* SceneDelegate.swift in Sources */,
				6675A4A52613C2BB00D1868E /* AppDelegate.swift in Sources */,
				6675A40E2613BF8300D1868E /* CustomModifer.swift in Sources */,
				6675A42A2613C00800D1868E /* UIColorExt.swift in Sources */,
				6675A4202613BFE100D1868E /* UIConfiguration.swift in Sources */,
				6675A45F2613C17400D1868E /* StatusViewModel.swift in Sources */,
				6675A44D2613C0BD00D1868E /* AuthService.swift in Sources */,
				6675A4432613C08A00D1868E /* AuthAPI.swift in Sources */,
				6675A4692613C19100D1868E /* SignUpViewModel.swift in Sources */,
				6675A4182613BFAD00D1868E /* CustomTextField.swift in Sources */,
				6675A4892613C23500D1868E /* SignInView.swift in Sources */,
				6675A4782613C20200D1868E /* SplashView.swift in Sources */,
				6675A49E2613C29700D1868E /* HomeView.swift in Sources */,
			);
			runOnlyForDeploymentPostprocessing = 0;
		};
		494E1C28261062200077BD2D /* Sources */ = {
			isa = PBXSourcesBuildPhase;
			buildActionMask = 2147483647;
			files = (
				6675A4212613BFE100D1868E /* UIConfiguration.swift in Sources */,
				6675A42B2613C00800D1868E /* UIColorExt.swift in Sources */,
				6675A4A62613C2BB00D1868E /* AppDelegate.swift in Sources */,
				6675A4322613C02D00D1868E /* AppState.swift in Sources */,
				6675A4912613C25200D1868E /* WelcomeView.swift in Sources */,
				6675A44E2613C0BD00D1868E /* AuthService.swift in Sources */,
				6675A4192613BFAD00D1868E /* CustomTextField.swift in Sources */,
				6675A4442613C08A00D1868E /* AuthAPI.swift in Sources */,
				6675A4602613C17400D1868E /* StatusViewModel.swift in Sources */,
				6675A4072613BF4400D1868E /* User.swift in Sources */,
				6675A49F2613C29700D1868E /* HomeView.swift in Sources */,
				6675A4792613C20200D1868E /* SplashView.swift in Sources */,
				6675A48A2613C23500D1868E /* SignInView.swift in Sources */,
				6675A4712613C1A800D1868E /* SignInViewModel.swift in Sources */,
				6675A4832613C21F00D1868E /* SignUpView.swift in Sources */,
				6675A4AD2613C2F500D1868E /* SceneDelegate.swift in Sources */,
				6675A40F2613BF8300D1868E /* CustomModifer.swift in Sources */,
				6675A4982613C27300D1868E /* DrawerView.swift in Sources */,
				6675A46A2613C19100D1868E /* SignUpViewModel.swift in Sources */,
				494E1C31261062200077BD2D /* TACKticalTests.swift in Sources */,
			);
			runOnlyForDeploymentPostprocessing = 0;
		};
		494E1C33261062210077BD2D /* Sources */ = {
			isa = PBXSourcesBuildPhase;
			buildActionMask = 2147483647;
			files = (
				6675A4222613BFE100D1868E /* UIConfiguration.swift in Sources */,
				6675A42C2613C00800D1868E /* UIColorExt.swift in Sources */,
				6675A4A72613C2BB00D1868E /* AppDelegate.swift in Sources */,
				6675A4332613C02D00D1868E /* AppState.swift in Sources */,
				6675A4922613C25200D1868E /* WelcomeView.swift in Sources */,
				6675A44F2613C0BD00D1868E /* AuthService.swift in Sources */,
				6675A41A2613BFAD00D1868E /* CustomTextField.swift in Sources */,
				6675A4452613C08A00D1868E /* AuthAPI.swift in Sources */,
				6675A4612613C17400D1868E /* StatusViewModel.swift in Sources */,
				6675A4082613BF4400D1868E /* User.swift in Sources */,
				6675A4A02613C29700D1868E /* HomeView.swift in Sources */,
				6675A47A2613C20200D1868E /* SplashView.swift in Sources */,
				6675A48B2613C23500D1868E /* SignInView.swift in Sources */,
				6675A4722613C1A800D1868E /* SignInViewModel.swift in Sources */,
				6675A4842613C21F00D1868E /* SignUpView.swift in Sources */,
				6675A4AE2613C2F500D1868E /* SceneDelegate.swift in Sources */,
				6675A4102613BF8300D1868E /* CustomModifer.swift in Sources */,
				6675A4992613C27300D1868E /* DrawerView.swift in Sources */,
				6675A46B2613C19100D1868E /* SignUpViewModel.swift in Sources */,
				494E1C3C261062210077BD2D /* TACKticalUITests.swift in Sources */,
			);
			runOnlyForDeploymentPostprocessing = 0;
		};
/* End PBXSourcesBuildPhase section */

/* Begin PBXTargetDependency section */
		494E1C2E261062200077BD2D /* PBXTargetDependency */ = {
			isa = PBXTargetDependency;
			target = 494E1C1A2610621F0077BD2D /* TACKtical */;
			targetProxy = 494E1C2D261062200077BD2D /* PBXContainerItemProxy */;
		};
		494E1C39261062210077BD2D /* PBXTargetDependency */ = {
			isa = PBXTargetDependency;
			target = 494E1C1A2610621F0077BD2D /* TACKtical */;
			targetProxy = 494E1C38261062210077BD2D /* PBXContainerItemProxy */;
		};
/* End PBXTargetDependency section */

/* Begin XCBuildConfiguration section */
		494E1C3E261062210077BD2D /* Debug */ = {
			isa = XCBuildConfiguration;
			buildSettings = {
				ALWAYS_SEARCH_USER_PATHS = NO;
				CLANG_ANALYZER_NONNULL = YES;
				CLANG_ANALYZER_NUMBER_OBJECT_CONVERSION = YES_AGGRESSIVE;
				CLANG_CXX_LANGUAGE_STANDARD = "gnu++14";
				CLANG_CXX_LIBRARY = "libc++";
				CLANG_ENABLE_MODULES = YES;
				CLANG_ENABLE_OBJC_ARC = YES;
				CLANG_ENABLE_OBJC_WEAK = YES;
				CLANG_WARN_BLOCK_CAPTURE_AUTORELEASING = YES;
				CLANG_WARN_BOOL_CONVERSION = YES;
				CLANG_WARN_COMMA = YES;
				CLANG_WARN_CONSTANT_CONVERSION = YES;
				CLANG_WARN_DEPRECATED_OBJC_IMPLEMENTATIONS = YES;
				CLANG_WARN_DIRECT_OBJC_ISA_USAGE = YES_ERROR;
				CLANG_WARN_DOCUMENTATION_COMMENTS = YES;
				CLANG_WARN_EMPTY_BODY = YES;
				CLANG_WARN_ENUM_CONVERSION = YES;
				CLANG_WARN_INFINITE_RECURSION = YES;
				CLANG_WARN_INT_CONVERSION = YES;
				CLANG_WARN_NON_LITERAL_NULL_CONVERSION = YES;
				CLANG_WARN_OBJC_IMPLICIT_RETAIN_SELF = YES;
				CLANG_WARN_OBJC_LITERAL_CONVERSION = YES;
				CLANG_WARN_OBJC_ROOT_CLASS = YES_ERROR;
				CLANG_WARN_QUOTED_INCLUDE_IN_FRAMEWORK_HEADER = YES;
				CLANG_WARN_RANGE_LOOP_ANALYSIS = YES;
				CLANG_WARN_STRICT_PROTOTYPES = YES;
				CLANG_WARN_SUSPICIOUS_MOVE = YES;
				CLANG_WARN_UNGUARDED_AVAILABILITY = YES_AGGRESSIVE;
				CLANG_WARN_UNREACHABLE_CODE = YES;
				CLANG_WARN__DUPLICATE_METHOD_MATCH = YES;
				COPY_PHASE_STRIP = NO;
				DEBUG_INFORMATION_FORMAT = dwarf;
				ENABLE_STRICT_OBJC_MSGSEND = YES;
				ENABLE_TESTABILITY = YES;
				GCC_C_LANGUAGE_STANDARD = gnu11;
				GCC_DYNAMIC_NO_PIC = NO;
				GCC_NO_COMMON_BLOCKS = YES;
				GCC_OPTIMIZATION_LEVEL = 0;
				GCC_PREPROCESSOR_DEFINITIONS = (
					"DEBUG=1",
					"$(inherited)",
				);
				GCC_WARN_64_TO_32_BIT_CONVERSION = YES;
				GCC_WARN_ABOUT_RETURN_TYPE = YES_ERROR;
				GCC_WARN_UNDECLARED_SELECTOR = YES;
				GCC_WARN_UNINITIALIZED_AUTOS = YES_AGGRESSIVE;
				GCC_WARN_UNUSED_FUNCTION = YES;
				GCC_WARN_UNUSED_VARIABLE = YES;
				IPHONEOS_DEPLOYMENT_TARGET = 14.4;
				MTL_ENABLE_DEBUG_INFO = INCLUDE_SOURCE;
				MTL_FAST_MATH = YES;
				ONLY_ACTIVE_ARCH = YES;
				SDKROOT = iphoneos;
				SWIFT_ACTIVE_COMPILATION_CONDITIONS = DEBUG;
				SWIFT_OPTIMIZATION_LEVEL = "-Onone";
			};
			name = Debug;
		};
		494E1C3F261062210077BD2D /* Release */ = {
			isa = XCBuildConfiguration;
			buildSettings = {
				ALWAYS_SEARCH_USER_PATHS = NO;
				CLANG_ANALYZER_NONNULL = YES;
				CLANG_ANALYZER_NUMBER_OBJECT_CONVERSION = YES_AGGRESSIVE;
				CLANG_CXX_LANGUAGE_STANDARD = "gnu++14";
				CLANG_CXX_LIBRARY = "libc++";
				CLANG_ENABLE_MODULES = YES;
				CLANG_ENABLE_OBJC_ARC = YES;
				CLANG_ENABLE_OBJC_WEAK = YES;
				CLANG_WARN_BLOCK_CAPTURE_AUTORELEASING = YES;
				CLANG_WARN_BOOL_CONVERSION = YES;
				CLANG_WARN_COMMA = YES;
				CLANG_WARN_CONSTANT_CONVERSION = YES;
				CLANG_WARN_DEPRECATED_OBJC_IMPLEMENTATIONS = YES;
				CLANG_WARN_DIRECT_OBJC_ISA_USAGE = YES_ERROR;
				CLANG_WARN_DOCUMENTATION_COMMENTS = YES;
				CLANG_WARN_EMPTY_BODY = YES;
				CLANG_WARN_ENUM_CONVERSION = YES;
				CLANG_WARN_INFINITE_RECURSION = YES;
				CLANG_WARN_INT_CONVERSION = YES;
				CLANG_WARN_NON_LITERAL_NULL_CONVERSION = YES;
				CLANG_WARN_OBJC_IMPLICIT_RETAIN_SELF = YES;
				CLANG_WARN_OBJC_LITERAL_CONVERSION = YES;
				CLANG_WARN_OBJC_ROOT_CLASS = YES_ERROR;
				CLANG_WARN_QUOTED_INCLUDE_IN_FRAMEWORK_HEADER = YES;
				CLANG_WARN_RANGE_LOOP_ANALYSIS = YES;
				CLANG_WARN_STRICT_PROTOTYPES = YES;
				CLANG_WARN_SUSPICIOUS_MOVE = YES;
				CLANG_WARN_UNGUARDED_AVAILABILITY = YES_AGGRESSIVE;
				CLANG_WARN_UNREACHABLE_CODE = YES;
				CLANG_WARN__DUPLICATE_METHOD_MATCH = YES;
				COPY_PHASE_STRIP = NO;
				DEBUG_INFORMATION_FORMAT = "dwarf-with-dsym";
				ENABLE_NS_ASSERTIONS = NO;
				ENABLE_STRICT_OBJC_MSGSEND = YES;
				GCC_C_LANGUAGE_STANDARD = gnu11;
				GCC_NO_COMMON_BLOCKS = YES;
				GCC_WARN_64_TO_32_BIT_CONVERSION = YES;
				GCC_WARN_ABOUT_RETURN_TYPE = YES_ERROR;
				GCC_WARN_UNDECLARED_SELECTOR = YES;
				GCC_WARN_UNINITIALIZED_AUTOS = YES_AGGRESSIVE;
				GCC_WARN_UNUSED_FUNCTION = YES;
				GCC_WARN_UNUSED_VARIABLE = YES;
				IPHONEOS_DEPLOYMENT_TARGET = 14.4;
				MTL_ENABLE_DEBUG_INFO = NO;
				MTL_FAST_MATH = YES;
				SDKROOT = iphoneos;
				SWIFT_COMPILATION_MODE = wholemodule;
				SWIFT_OPTIMIZATION_LEVEL = "-O";
				VALIDATE_PRODUCT = YES;
			};
			name = Release;
		};
		494E1C41261062210077BD2D /* Debug */ = {
			isa = XCBuildConfiguration;
			baseConfigurationReference = C13AA9DE59ACAA18F0C06FA4 /* Pods-TACKtical.debug.xcconfig */;
			buildSettings = {
				ASSETCATALOG_COMPILER_APPICON_NAME = AppIcon;
				ASSETCATALOG_COMPILER_GLOBAL_ACCENT_COLOR_NAME = AccentColor;
				CODE_SIGN_STYLE = Automatic;
				DEVELOPMENT_ASSET_PATHS = "\"TACKtical/Preview Content\"";
				ENABLE_PREVIEWS = YES;
				INFOPLIST_FILE = TACKtical/Info.plist;
				IPHONEOS_DEPLOYMENT_TARGET = 14.0;
				LD_RUNPATH_SEARCH_PATHS = (
					"$(inherited)",
					"@executable_path/Frameworks",
				);
				PRODUCT_BUNDLE_IDENTIFIER = TACKtical.TACKtical;
				PRODUCT_NAME = "$(TARGET_NAME)";
				SWIFT_VERSION = 5.0;
				TARGETED_DEVICE_FAMILY = "1,2";
			};
			name = Debug;
		};
		494E1C42261062210077BD2D /* Release */ = {
			isa = XCBuildConfiguration;
			baseConfigurationReference = 666BBE7246720DC2DF3D043D /* Pods-TACKtical.release.xcconfig */;
			buildSettings = {
				ASSETCATALOG_COMPILER_APPICON_NAME = AppIcon;
				ASSETCATALOG_COMPILER_GLOBAL_ACCENT_COLOR_NAME = AccentColor;
				CODE_SIGN_STYLE = Automatic;
				DEVELOPMENT_ASSET_PATHS = "\"TACKtical/Preview Content\"";
				ENABLE_PREVIEWS = YES;
				INFOPLIST_FILE = TACKtical/Info.plist;
				IPHONEOS_DEPLOYMENT_TARGET = 14.0;
				LD_RUNPATH_SEARCH_PATHS = (
					"$(inherited)",
					"@executable_path/Frameworks",
				);
				PRODUCT_BUNDLE_IDENTIFIER = TACKtical.TACKtical;
				PRODUCT_NAME = "$(TARGET_NAME)";
				SWIFT_VERSION = 5.0;
				TARGETED_DEVICE_FAMILY = "1,2";
			};
			name = Release;
		};
		494E1C44261062210077BD2D /* Debug */ = {
			isa = XCBuildConfiguration;
			buildSettings = {
				ALWAYS_EMBED_SWIFT_STANDARD_LIBRARIES = YES;
				BUNDLE_LOADER = "$(TEST_HOST)";
				CODE_SIGN_STYLE = Automatic;
				INFOPLIST_FILE = TACKticalTests/Info.plist;
				IPHONEOS_DEPLOYMENT_TARGET = 14.0;
				LD_RUNPATH_SEARCH_PATHS = (
					"$(inherited)",
					"@executable_path/Frameworks",
					"@loader_path/Frameworks",
				);
				PRODUCT_BUNDLE_IDENTIFIER = TACKtical.TACKticalTests;
				PRODUCT_NAME = "$(TARGET_NAME)";
				SWIFT_VERSION = 5.0;
				TARGETED_DEVICE_FAMILY = "1,2";
				TEST_HOST = "$(BUILT_PRODUCTS_DIR)/TACKtical.app/TACKtical";
			};
			name = Debug;
		};
		494E1C45261062210077BD2D /* Release */ = {
			isa = XCBuildConfiguration;
			buildSettings = {
				ALWAYS_EMBED_SWIFT_STANDARD_LIBRARIES = YES;
				BUNDLE_LOADER = "$(TEST_HOST)";
				CODE_SIGN_STYLE = Automatic;
				INFOPLIST_FILE = TACKticalTests/Info.plist;
				IPHONEOS_DEPLOYMENT_TARGET = 14.0;
				LD_RUNPATH_SEARCH_PATHS = (
					"$(inherited)",
					"@executable_path/Frameworks",
					"@loader_path/Frameworks",
				);
				PRODUCT_BUNDLE_IDENTIFIER = TACKtical.TACKticalTests;
				PRODUCT_NAME = "$(TARGET_NAME)";
				SWIFT_VERSION = 5.0;
				TARGETED_DEVICE_FAMILY = "1,2";
				TEST_HOST = "$(BUILT_PRODUCTS_DIR)/TACKtical.app/TACKtical";
			};
			name = Release;
		};
		494E1C47261062210077BD2D /* Debug */ = {
			isa = XCBuildConfiguration;
			buildSettings = {
				ALWAYS_EMBED_SWIFT_STANDARD_LIBRARIES = YES;
				CODE_SIGN_STYLE = Automatic;
				INFOPLIST_FILE = TACKticalUITests/Info.plist;
				LD_RUNPATH_SEARCH_PATHS = (
					"$(inherited)",
					"@executable_path/Frameworks",
					"@loader_path/Frameworks",
				);
				PRODUCT_BUNDLE_IDENTIFIER = TACKtical.TACKticalUITests;
				PRODUCT_NAME = "$(TARGET_NAME)";
				SWIFT_VERSION = 5.0;
				TARGETED_DEVICE_FAMILY = "1,2";
				TEST_TARGET_NAME = TACKtical;
			};
			name = Debug;
		};
		494E1C48261062210077BD2D /* Release */ = {
			isa = XCBuildConfiguration;
			buildSettings = {
				ALWAYS_EMBED_SWIFT_STANDARD_LIBRARIES = YES;
				CODE_SIGN_STYLE = Automatic;
				INFOPLIST_FILE = TACKticalUITests/Info.plist;
				LD_RUNPATH_SEARCH_PATHS = (
					"$(inherited)",
					"@executable_path/Frameworks",
					"@loader_path/Frameworks",
				);
				PRODUCT_BUNDLE_IDENTIFIER = TACKtical.TACKticalUITests;
				PRODUCT_NAME = "$(TARGET_NAME)";
				SWIFT_VERSION = 5.0;
				TARGETED_DEVICE_FAMILY = "1,2";
				TEST_TARGET_NAME = TACKtical;
			};
			name = Release;
		};
/* End XCBuildConfiguration section */

/* Begin XCConfigurationList section */
		494E1C162610621F0077BD2D /* Build configuration list for PBXProject "TACKtical" */ = {
			isa = XCConfigurationList;
			buildConfigurations = (
				494E1C3E261062210077BD2D /* Debug */,
				494E1C3F261062210077BD2D /* Release */,
			);
			defaultConfigurationIsVisible = 0;
			defaultConfigurationName = Release;
		};
		494E1C40261062210077BD2D /* Build configuration list for PBXNativeTarget "TACKtical" */ = {
			isa = XCConfigurationList;
			buildConfigurations = (
				494E1C41261062210077BD2D /* Debug */,
				494E1C42261062210077BD2D /* Release */,
			);
			defaultConfigurationIsVisible = 0;
			defaultConfigurationName = Release;
		};
		494E1C43261062210077BD2D /* Build configuration list for PBXNativeTarget "TACKticalTests" */ = {
			isa = XCConfigurationList;
			buildConfigurations = (
				494E1C44261062210077BD2D /* Debug */,
				494E1C45261062210077BD2D /* Release */,
			);
			defaultConfigurationIsVisible = 0;
			defaultConfigurationName = Release;
		};
		494E1C46261062210077BD2D /* Build configuration list for PBXNativeTarget "TACKticalUITests" */ = {
			isa = XCConfigurationList;
			buildConfigurations = (
				494E1C47261062210077BD2D /* Debug */,
				494E1C48261062210077BD2D /* Release */,
			);
			defaultConfigurationIsVisible = 0;
			defaultConfigurationName = Release;
		};
/* End XCConfigurationList section */
	};
	rootObject = 494E1C132610621F0077BD2D /* Project object */;
}
