{
  "object": {
    "pins": [
      {
        "package": "CalendarKit",
        "repositoryURL": "https://github.com/richardtop/CalendarKit.git",
        "state": {
          "branch": null,
          "revision": "b19da4fd0de43c464a9dafb22e2290d64fbe72b6",
          "version": "0.14.8"
        }
      }
    ]
  },
  "version": 1
}
