// !$*UTF8*$!
{
	archiveVersion = 1;
	classes = {
	};
	objectVersion = 52;
	objects = {

/* Begin PBXBuildFile section */
		1B554558F71F4B9A3B6C8DBF /* Pods_TACKtical.framework in Frameworks */ = {isa = PBXBuildFile; fileRef = 55F1B55EC5A6AE3C4698B068 /* Pods_TACKtical.framework */; };
		21EBF39749DF02144E26512B /* Pods_TACKtical_TACKticalUITests.framework in Frameworks */ = {isa = PBXBuildFile; fileRef = EF7AD6C25537F385AC53953A /* Pods_TACKtical_TACKticalUITests.framework */; };
		494E1C1F2610621F0077BD2D /* TACKticalApp.swift in Sources */ = {isa = PBXBuildFile; fileRef = 494E1C1E2610621F0077BD2D /* TACKticalApp.swift */; };
		494E1C212610621F0077BD2D /* ContentView.swift in Sources */ = {isa = PBXBuildFile; fileRef = 494E1C202610621F0077BD2D /* ContentView.swift */; };
		494E1C23261062200077BD2D /* Assets.xcassets in Resources */ = {isa = PBXBuildFile; fileRef = 494E1C22261062200077BD2D /* Assets.xcassets */; };
		494E1C26261062200077BD2D /* Preview Assets.xcassets in Resources */ = {isa = PBXBuildFile; fileRef = 494E1C25261062200077BD2D /* Preview Assets.xcassets */; };
		494E1C31261062200077BD2D /* TACKticalTests.swift in Sources */ = {isa = PBXBuildFile; fileRef = 494E1C30261062200077BD2D /* TACKticalTests.swift */; };
		494E1C3C261062210077BD2D /* TACKticalUITests.swift in Sources */ = {isa = PBXBuildFile; fileRef = 494E1C3B261062210077BD2D /* TACKticalUITests.swift */; };
		49C1A2562630A6190093F067 /* MenuView.swift in Sources */ = {isa = PBXBuildFile; fileRef = 49C1A2552630A6190093F067 /* MenuView.swift */; };
		AB72B15E26257CE700D3A121 /* DeleteProfileView.swift in Sources */ = {isa = PBXBuildFile; fileRef = AB72B15D26257CE700D3A121 /* DeleteProfileView.swift */; };
		AB72B1632625E27600D3A121 /* ImagePicker.swift in Sources */ = {isa = PBXBuildFile; fileRef = AB72B1622625E27600D3A121 /* ImagePicker.swift */; };
		AB72B19D262A9D1400D3A121 /* SDWebImageSwiftUI in Frameworks */ = {isa = PBXBuildFile; productRef = AB72B19C262A9D1400D3A121 /* SDWebImageSwiftUI */; };
		AB8D88CF262B68AF001D1C62 /* AddEventView.swift in Sources */ = {isa = PBXBuildFile; fileRef = AB8D88CE262B68AF001D1C62 /* AddEventView.swift */; };
		AB8D88D4262B68F1001D1C62 /* CalendarView.swift in Sources */ = {isa = PBXBuildFile; fileRef = AB8D88D3262B68F1001D1C62 /* CalendarView.swift */; };
		AB8D88DA262B6C1E001D1C62 /* FSCalendar in Frameworks */ = {isa = PBXBuildFile; productRef = AB8D88D9262B6C1E001D1C62 /* FSCalendar */; };
		AB8D88E4262B77ED001D1C62 /* DayView.swift in Sources */ = {isa = PBXBuildFile; fileRef = AB8D88E3262B77ED001D1C62 /* DayView.swift */; };
		AB8D88E9262E7A27001D1C62 /* InstructorViewModel.swift in Sources */ = {isa = PBXBuildFile; fileRef = AB8D88E8262E7A27001D1C62 /* InstructorViewModel.swift */; };
		AB8D88F12633623C001D1C62 /* HomeView.swift in Sources */ = {isa = PBXBuildFile; fileRef = AB8D88F02633623C001D1C62 /* HomeView.swift */; };
		AB8D88F92633EC0C001D1C62 /* NameViewModel.swift in Sources */ = {isa = PBXBuildFile; fileRef = AB8D88F82633EC0C001D1C62 /* NameViewModel.swift */; };
		AB8D890426354A57001D1C62 /* AsyncImage.swift in Sources */ = {isa = PBXBuildFile; fileRef = AB8D890326354A57001D1C62 /* AsyncImage.swift */; };
		AB8D890B26354A69001D1C62 /* ImageCache.swift in Sources */ = {isa = PBXBuildFile; fileRef = AB8D890826354A68001D1C62 /* ImageCache.swift */; };
		AB8D890C26354A69001D1C62 /* ImageLoader.swift in Sources */ = {isa = PBXBuildFile; fileRef = AB8D890926354A69001D1C62 /* ImageLoader.swift */; };
		AB8D890D26354A69001D1C62 /* EnvironmentValues+ImageCache.swift in Sources */ = {isa = PBXBuildFile; fileRef = AB8D890A26354A69001D1C62 /* EnvironmentValues+ImageCache.swift */; };
		AB8D8912263673FD001D1C62 /* EditEventView.swift in Sources */ = {isa = PBXBuildFile; fileRef = AB8D8911263673FD001D1C62 /* EditEventView.swift */; };
		AB8D89172636746A001D1C62 /* EventViewModel.swift in Sources */ = {isa = PBXBuildFile; fileRef = AB8D89162636746A001D1C62 /* EventViewModel.swift */; };
		AB8D892A2636A2A1001D1C62 /* RiderViewModel.swift in Sources */ = {isa = PBXBuildFile; fileRef = AB8D89292636A2A1001D1C62 /* RiderViewModel.swift */; };
		AB8D89352636A2F6001D1C62 /* NewProfileView.swift in Sources */ = {isa = PBXBuildFile; fileRef = AB8D89342636A2F6001D1C62 /* NewProfileView.swift */; };
		AB986646261868CC006F66EA /* BarnDataView.swift in Sources */ = {isa = PBXBuildFile; fileRef = AB986645261868CC006F66EA /* BarnDataView.swift */; };
		AB98664B2618FA79006F66EA /* CreateProfileView.swift in Sources */ = {isa = PBXBuildFile; fileRef = AB98664A2618FA79006F66EA /* CreateProfileView.swift */; };
		ABBACB062612583300818408 /* GoogleService-Info.plist in Resources */ = {isa = PBXBuildFile; fileRef = ABBACB052612583300818408 /* GoogleService-Info.plist */; };
		ABBACB2C2612602D00818408 /* Horse.swift in Sources */ = {isa = PBXBuildFile; fileRef = ABBACB2B2612602D00818408 /* Horse.swift */; };
		ABBACB312612655A00818408 /* HorseViewModel.swift in Sources */ = {isa = PBXBuildFile; fileRef = ABBACB302612655A00818408 /* HorseViewModel.swift */; };
		ABBACB3E2613046A00818408 /* editProfile.swift in Sources */ = {isa = PBXBuildFile; fileRef = ABBACB3D2613046A00818408 /* editProfile.swift */; };
		C9D0ED3A6D3AAD3F6A1C1974 /* Pods_TACKticalTests.framework in Frameworks */ = {isa = PBXBuildFile; fileRef = 872F4F50459AB78AA432F298 /* Pods_TACKticalTests.framework */; };
/* End PBXBuildFile section */

/* Begin PBXContainerItemProxy section */
		494E1C2D261062200077BD2D /* PBXContainerItemProxy */ = {
			isa = PBXContainerItemProxy;
			containerPortal = 494E1C132610621F0077BD2D /* Project object */;
			proxyType = 1;
			remoteGlobalIDString = 494E1C1A2610621F0077BD2D;
			remoteInfo = TACKtical;
		};
		494E1C38261062210077BD2D /* PBXContainerItemProxy */ = {
			isa = PBXContainerItemProxy;
			containerPortal = 494E1C132610621F0077BD2D /* Project object */;
			proxyType = 1;
			remoteGlobalIDString = 494E1C1A2610621F0077BD2D;
			remoteInfo = TACKtical;
		};
/* End PBXContainerItemProxy section */

/* Begin PBXFileReference section */
		1288A12B7348922719FFEDB0 /* Pods-TACKtical.debug.xcconfig */ = {isa = PBXFileReference; includeInIndex = 1; lastKnownFileType = text.xcconfig; name = "Pods-TACKtical.debug.xcconfig"; path = "Target Support Files/Pods-TACKtical/Pods-TACKtical.debug.xcconfig"; sourceTree = "<group>"; };
		2923A4996C7A37884F838C01 /* Pods-TACKtical-TACKticalUITests.debug.xcconfig */ = {isa = PBXFileReference; includeInIndex = 1; lastKnownFileType = text.xcconfig; name = "Pods-TACKtical-TACKticalUITests.debug.xcconfig"; path = "Target Support Files/Pods-TACKtical-TACKticalUITests/Pods-TACKtical-TACKticalUITests.debug.xcconfig"; sourceTree = "<group>"; };
		38B2D5EAC02691D99D759E26 /* Pods-TACKticalTests.debug.xcconfig */ = {isa = PBXFileReference; includeInIndex = 1; lastKnownFileType = text.xcconfig; name = "Pods-TACKticalTests.debug.xcconfig"; path = "Target Support Files/Pods-TACKticalTests/Pods-TACKticalTests.debug.xcconfig"; sourceTree = "<group>"; };
		494E1C1B2610621F0077BD2D /* TACKtical.app */ = {isa = PBXFileReference; explicitFileType = wrapper.application; includeInIndex = 0; path = TACKtical.app; sourceTree = BUILT_PRODUCTS_DIR; };
		494E1C1E2610621F0077BD2D /* TACKticalApp.swift */ = {isa = PBXFileReference; lastKnownFileType = sourcecode.swift; path = TACKticalApp.swift; sourceTree = "<group>"; };
		494E1C202610621F0077BD2D /* ContentView.swift */ = {isa = PBXFileReference; lastKnownFileType = sourcecode.swift; path = ContentView.swift; sourceTree = "<group>"; };
		494E1C22261062200077BD2D /* Assets.xcassets */ = {isa = PBXFileReference; lastKnownFileType = folder.assetcatalog; path = Assets.xcassets; sourceTree = "<group>"; };
		494E1C25261062200077BD2D /* Preview Assets.xcassets */ = {isa = PBXFileReference; lastKnownFileType = folder.assetcatalog; path = "Preview Assets.xcassets"; sourceTree = "<group>"; };
		494E1C27261062200077BD2D /* Info.plist */ = {isa = PBXFileReference; lastKnownFileType = text.plist.xml; path = Info.plist; sourceTree = "<group>"; };
		494E1C2C261062200077BD2D /* TACKticalTests.xctest */ = {isa = PBXFileReference; explicitFileType = wrapper.cfbundle; includeInIndex = 0; path = TACKticalTests.xctest; sourceTree = BUILT_PRODUCTS_DIR; };
		494E1C30261062200077BD2D /* TACKticalTests.swift */ = {isa = PBXFileReference; lastKnownFileType = sourcecode.swift; path = TACKticalTests.swift; sourceTree = "<group>"; };
		494E1C32261062200077BD2D /* Info.plist */ = {isa = PBXFileReference; lastKnownFileType = text.plist.xml; path = Info.plist; sourceTree = "<group>"; };
		494E1C37261062210077BD2D /* TACKticalUITests.xctest */ = {isa = PBXFileReference; explicitFileType = wrapper.cfbundle; includeInIndex = 0; path = TACKticalUITests.xctest; sourceTree = BUILT_PRODUCTS_DIR; };
		494E1C3B261062210077BD2D /* TACKticalUITests.swift */ = {isa = PBXFileReference; lastKnownFileType = sourcecode.swift; path = TACKticalUITests.swift; sourceTree = "<group>"; };
		494E1C3D261062210077BD2D /* Info.plist */ = {isa = PBXFileReference; lastKnownFileType = text.plist.xml; path = Info.plist; sourceTree = "<group>"; };
		49C1A2552630A6190093F067 /* MenuView.swift */ = {isa = PBXFileReference; fileEncoding = 4; lastKnownFileType = sourcecode.swift; path = MenuView.swift; sourceTree = "<group>"; };
		55F1B55EC5A6AE3C4698B068 /* Pods_TACKtical.framework */ = {isa = PBXFileReference; explicitFileType = wrapper.framework; includeInIndex = 0; path = Pods_TACKtical.framework; sourceTree = BUILT_PRODUCTS_DIR; };
		872F4F50459AB78AA432F298 /* Pods_TACKticalTests.framework */ = {isa = PBXFileReference; explicitFileType = wrapper.framework; includeInIndex = 0; path = Pods_TACKticalTests.framework; sourceTree = BUILT_PRODUCTS_DIR; };
		90F489FA07064A61778C10FA /* Pods-TACKtical-TACKticalUITests.release.xcconfig */ = {isa = PBXFileReference; includeInIndex = 1; lastKnownFileType = text.xcconfig; name = "Pods-TACKtical-TACKticalUITests.release.xcconfig"; path = "Target Support Files/Pods-TACKtical-TACKticalUITests/Pods-TACKtical-TACKticalUITests.release.xcconfig"; sourceTree = "<group>"; };
		A6A221A94B3451F8034D5B78 /* Pods-TACKticalTests.release.xcconfig */ = {isa = PBXFileReference; includeInIndex = 1; lastKnownFileType = text.xcconfig; name = "Pods-TACKticalTests.release.xcconfig"; path = "Target Support Files/Pods-TACKticalTests/Pods-TACKticalTests.release.xcconfig"; sourceTree = "<group>"; };
		AB72B15D26257CE700D3A121 /* DeleteProfileView.swift */ = {isa = PBXFileReference; lastKnownFileType = sourcecode.swift; path = DeleteProfileView.swift; sourceTree = "<group>"; };
		AB72B1622625E27600D3A121 /* ImagePicker.swift */ = {isa = PBXFileReference; lastKnownFileType = sourcecode.swift; path = ImagePicker.swift; sourceTree = "<group>"; };
		AB8D88CE262B68AF001D1C62 /* AddEventView.swift */ = {isa = PBXFileReference; lastKnownFileType = sourcecode.swift; path = AddEventView.swift; sourceTree = "<group>"; };
		AB8D88D3262B68F1001D1C62 /* CalendarView.swift */ = {isa = PBXFileReference; lastKnownFileType = sourcecode.swift; path = CalendarView.swift; sourceTree = "<group>"; };
		AB8D88E3262B77ED001D1C62 /* DayView.swift */ = {isa = PBXFileReference; lastKnownFileType = sourcecode.swift; path = DayView.swift; sourceTree = "<group>"; };
		AB8D88E8262E7A27001D1C62 /* InstructorViewModel.swift */ = {isa = PBXFileReference; lastKnownFileType = sourcecode.swift; path = InstructorViewModel.swift; sourceTree = "<group>"; };
		AB8D88F02633623C001D1C62 /* HomeView.swift */ = {isa = PBXFileReference; lastKnownFileType = sourcecode.swift; path = HomeView.swift; sourceTree = "<group>"; };
		AB8D88F82633EC0C001D1C62 /* NameViewModel.swift */ = {isa = PBXFileReference; lastKnownFileType = sourcecode.swift; path = NameViewModel.swift; sourceTree = "<group>"; };
		AB8D890326354A57001D1C62 /* AsyncImage.swift */ = {isa = PBXFileReference; fileEncoding = 4; lastKnownFileType = sourcecode.swift; path = AsyncImage.swift; sourceTree = "<group>"; };
		AB8D890826354A68001D1C62 /* ImageCache.swift */ = {isa = PBXFileReference; fileEncoding = 4; lastKnownFileType = sourcecode.swift; path = ImageCache.swift; sourceTree = "<group>"; };
		AB8D890926354A69001D1C62 /* ImageLoader.swift */ = {isa = PBXFileReference; fileEncoding = 4; lastKnownFileType = sourcecode.swift; path = ImageLoader.swift; sourceTree = "<group>"; };
		AB8D890A26354A69001D1C62 /* EnvironmentValues+ImageCache.swift */ = {isa = PBXFileReference; fileEncoding = 4; lastKnownFileType = sourcecode.swift; path = "EnvironmentValues+ImageCache.swift"; sourceTree = "<group>"; };
		AB8D8911263673FD001D1C62 /* EditEventView.swift */ = {isa = PBXFileReference; lastKnownFileType = sourcecode.swift; path = EditEventView.swift; sourceTree = "<group>"; };
		AB8D89162636746A001D1C62 /* EventViewModel.swift */ = {isa = PBXFileReference; lastKnownFileType = sourcecode.swift; path = EventViewModel.swift; sourceTree = "<group>"; };
		AB8D89292636A2A1001D1C62 /* RiderViewModel.swift */ = {isa = PBXFileReference; lastKnownFileType = sourcecode.swift; path = RiderViewModel.swift; sourceTree = "<group>"; };
		AB8D89342636A2F6001D1C62 /* NewProfileView.swift */ = {isa = PBXFileReference; lastKnownFileType = sourcecode.swift; path = NewProfileView.swift; sourceTree = "<group>"; };
		AB986645261868CC006F66EA /* BarnDataView.swift */ = {isa = PBXFileReference; lastKnownFileType = sourcecode.swift; path = BarnDataView.swift; sourceTree = "<group>"; };
		AB98664A2618FA79006F66EA /* CreateProfileView.swift */ = {isa = PBXFileReference; lastKnownFileType = sourcecode.swift; path = CreateProfileView.swift; sourceTree = "<group>"; };
		ABBACB052612583300818408 /* GoogleService-Info.plist */ = {isa = PBXFileReference; fileEncoding = 4; lastKnownFileType = text.plist.xml; name = "GoogleService-Info.plist"; path = "TACKtical/GoogleService-Info.plist"; sourceTree = SOURCE_ROOT; };
		ABBACB2B2612602D00818408 /* Horse.swift */ = {isa = PBXFileReference; lastKnownFileType = sourcecode.swift; path = Horse.swift; sourceTree = "<group>"; };
		ABBACB302612655A00818408 /* HorseViewModel.swift */ = {isa = PBXFileReference; lastKnownFileType = sourcecode.swift; path = HorseViewModel.swift; sourceTree = "<group>"; };
		ABBACB3D2613046A00818408 /* editProfile.swift */ = {isa = PBXFileReference; lastKnownFileType = sourcecode.swift; path = editProfile.swift; sourceTree = "<group>"; };
		EF4671FE5209381A029D46E6 /* Pods-TACKtical.release.xcconfig */ = {isa = PBXFileReference; includeInIndex = 1; lastKnownFileType = text.xcconfig; name = "Pods-TACKtical.release.xcconfig"; path = "Target Support Files/Pods-TACKtical/Pods-TACKtical.release.xcconfig"; sourceTree = "<group>"; };
		EF7AD6C25537F385AC53953A /* Pods_TACKtical_TACKticalUITests.framework */ = {isa = PBXFileReference; explicitFileType = wrapper.framework; includeInIndex = 0; path = Pods_TACKtical_TACKticalUITests.framework; sourceTree = BUILT_PRODUCTS_DIR; };
/* End PBXFileReference section */

/* Begin PBXFrameworksBuildPhase section */
		494E1C182610621F0077BD2D /* Frameworks */ = {
			isa = PBXFrameworksBuildPhase;
			buildActionMask = 2147483647;
			files = (
				AB72B19D262A9D1400D3A121 /* SDWebImageSwiftUI in Frameworks */,
				AB8D88DA262B6C1E001D1C62 /* FSCalendar in Frameworks */,
				1B554558F71F4B9A3B6C8DBF /* Pods_TACKtical.framework in Frameworks */,
			);
			runOnlyForDeploymentPostprocessing = 0;
		};
		494E1C29261062200077BD2D /* Frameworks */ = {
			isa = PBXFrameworksBuildPhase;
			buildActionMask = 2147483647;
			files = (
				C9D0ED3A6D3AAD3F6A1C1974 /* Pods_TACKticalTests.framework in Frameworks */,
			);
			runOnlyForDeploymentPostprocessing = 0;
		};
		494E1C34261062210077BD2D /* Frameworks */ = {
			isa = PBXFrameworksBuildPhase;
			buildActionMask = 2147483647;
			files = (
				21EBF39749DF02144E26512B /* Pods_TACKtical_TACKticalUITests.framework in Frameworks */,
			);
			runOnlyForDeploymentPostprocessing = 0;
		};
/* End PBXFrameworksBuildPhase section */

/* Begin PBXGroup section */
		15CCE79E23FAD2074E4984DA /* Frameworks */ = {
			isa = PBXGroup;
			children = (
				55F1B55EC5A6AE3C4698B068 /* Pods_TACKtical.framework */,
				EF7AD6C25537F385AC53953A /* Pods_TACKtical_TACKticalUITests.framework */,
				872F4F50459AB78AA432F298 /* Pods_TACKticalTests.framework */,
			);
			name = Frameworks;
			sourceTree = "<group>";
		};
		494E1C122610621F0077BD2D = {
			isa = PBXGroup;
			children = (
				494E1C1D2610621F0077BD2D /* TACKtical */,
				494E1C2F261062200077BD2D /* TACKticalTests */,
				494E1C3A261062210077BD2D /* TACKticalUITests */,
				494E1C1C2610621F0077BD2D /* Products */,
				D3F53E1394F0ED719FC94428 /* Pods */,
				15CCE79E23FAD2074E4984DA /* Frameworks */,
			);
			sourceTree = "<group>";
		};
		494E1C1C2610621F0077BD2D /* Products */ = {
			isa = PBXGroup;
			children = (
				494E1C1B2610621F0077BD2D /* TACKtical.app */,
				494E1C2C261062200077BD2D /* TACKticalTests.xctest */,
				494E1C37261062210077BD2D /* TACKticalUITests.xctest */,
			);
			name = Products;
			sourceTree = "<group>";
		};
		494E1C1D2610621F0077BD2D /* TACKtical */ = {
			isa = PBXGroup;
			children = (
				AB8D890326354A57001D1C62 /* AsyncImage.swift */,
				AB8D890A26354A69001D1C62 /* EnvironmentValues+ImageCache.swift */,
				AB8D890826354A68001D1C62 /* ImageCache.swift */,
				AB8D890926354A69001D1C62 /* ImageLoader.swift */,
				494E1C1E2610621F0077BD2D /* TACKticalApp.swift */,
				ABBACB2B2612602D00818408 /* Horse.swift */,
				AB8D88E8262E7A27001D1C62 /* InstructorViewModel.swift */,
				AB8D88F82633EC0C001D1C62 /* NameViewModel.swift */,
				494E1C202610621F0077BD2D /* ContentView.swift */,
				ABBACB3D2613046A00818408 /* editProfile.swift */,
				AB986645261868CC006F66EA /* BarnDataView.swift */,
				AB72B1622625E27600D3A121 /* ImagePicker.swift */,
				AB8D89292636A2A1001D1C62 /* RiderViewModel.swift */,
				AB72B15D26257CE700D3A121 /* DeleteProfileView.swift */,
				AB98664A2618FA79006F66EA /* CreateProfileView.swift */,
				AB8D88CE262B68AF001D1C62 /* AddEventView.swift */,
				AB8D8911263673FD001D1C62 /* EditEventView.swift */,
				AB8D89342636A2F6001D1C62 /* NewProfileView.swift */,
				AB8D88D3262B68F1001D1C62 /* CalendarView.swift */,
				AB8D88E3262B77ED001D1C62 /* DayView.swift */,
				ABBACB302612655A00818408 /* HorseViewModel.swift */,
				49C1A2552630A6190093F067 /* MenuView.swift */,
				AB8D88F02633623C001D1C62 /* HomeView.swift */,
				AB8D89162636746A001D1C62 /* EventViewModel.swift */,
				494E1C22261062200077BD2D /* Assets.xcassets */,
				ABBACB052612583300818408 /* GoogleService-Info.plist */,
				494E1C27261062200077BD2D /* Info.plist */,
				494E1C24261062200077BD2D /* Preview Content */,
			);
			path = TACKtical;
			sourceTree = "<group>";
		};
		494E1C24261062200077BD2D /* Preview Content */ = {
			isa = PBXGroup;
			children = (
				494E1C25261062200077BD2D /* Preview Assets.xcassets */,
			);
			path = "Preview Content";
			sourceTree = "<group>";
		};
		494E1C2F261062200077BD2D /* TACKticalTests */ = {
			isa = PBXGroup;
			children = (
				494E1C30261062200077BD2D /* TACKticalTests.swift */,
				494E1C32261062200077BD2D /* Info.plist */,
			);
			path = TACKticalTests;
			sourceTree = "<group>";
		};
		494E1C3A261062210077BD2D /* TACKticalUITests */ = {
			isa = PBXGroup;
			children = (
				494E1C3B261062210077BD2D /* TACKticalUITests.swift */,
				494E1C3D261062210077BD2D /* Info.plist */,
			);
			path = TACKticalUITests;
			sourceTree = "<group>";
		};
		D3F53E1394F0ED719FC94428 /* Pods */ = {
			isa = PBXGroup;
			children = (
				1288A12B7348922719FFEDB0 /* Pods-TACKtical.debug.xcconfig */,
				EF4671FE5209381A029D46E6 /* Pods-TACKtical.release.xcconfig */,
				2923A4996C7A37884F838C01 /* Pods-TACKtical-TACKticalUITests.debug.xcconfig */,
				90F489FA07064A61778C10FA /* Pods-TACKtical-TACKticalUITests.release.xcconfig */,
				38B2D5EAC02691D99D759E26 /* Pods-TACKticalTests.debug.xcconfig */,
				A6A221A94B3451F8034D5B78 /* Pods-TACKticalTests.release.xcconfig */,
			);
			path = Pods;
			sourceTree = "<group>";
		};
/* End PBXGroup section */

/* Begin PBXNativeTarget section */
		494E1C1A2610621F0077BD2D /* TACKtical */ = {
			isa = PBXNativeTarget;
			buildConfigurationList = 494E1C40261062210077BD2D /* Build configuration list for PBXNativeTarget "TACKtical" */;
			buildPhases = (
				24E647B17F40BBAB462F4EBF /* [CP] Check Pods Manifest.lock */,
				494E1C172610621F0077BD2D /* Sources */,
				494E1C182610621F0077BD2D /* Frameworks */,
				494E1C192610621F0077BD2D /* Resources */,
				7D44E4339B4FC1F7ADAD011A /* [CP] Embed Pods Frameworks */,
			);
			buildRules = (
			);
			dependencies = (
			);
			name = TACKtical;
			packageProductDependencies = (
				AB72B19C262A9D1400D3A121 /* SDWebImageSwiftUI */,
				AB8D88D9262B6C1E001D1C62 /* FSCalendar */,
			);
			productName = TACKtical;
			productReference = 494E1C1B2610621F0077BD2D /* TACKtical.app */;
			productType = "com.apple.product-type.application";
		};
		494E1C2B261062200077BD2D /* TACKticalTests */ = {
			isa = PBXNativeTarget;
			buildConfigurationList = 494E1C43261062210077BD2D /* Build configuration list for PBXNativeTarget "TACKticalTests" */;
			buildPhases = (
				DF3FAC3E5D5224837347D4EF /* [CP] Check Pods Manifest.lock */,
				494E1C28261062200077BD2D /* Sources */,
				494E1C29261062200077BD2D /* Frameworks */,
				494E1C2A261062200077BD2D /* Resources */,
			);
			buildRules = (
			);
			dependencies = (
				494E1C2E261062200077BD2D /* PBXTargetDependency */,
			);
			name = TACKticalTests;
			productName = TACKticalTests;
			productReference = 494E1C2C261062200077BD2D /* TACKticalTests.xctest */;
			productType = "com.apple.product-type.bundle.unit-test";
		};
		494E1C36261062210077BD2D /* TACKticalUITests */ = {
			isa = PBXNativeTarget;
			buildConfigurationList = 494E1C46261062210077BD2D /* Build configuration list for PBXNativeTarget "TACKticalUITests" */;
			buildPhases = (
				90603CCC91B5613A35902615 /* [CP] Check Pods Manifest.lock */,
				494E1C33261062210077BD2D /* Sources */,
				494E1C34261062210077BD2D /* Frameworks */,
				494E1C35261062210077BD2D /* Resources */,
				E34446F5F92A18120570C8A0 /* [CP] Embed Pods Frameworks */,
			);
			buildRules = (
			);
			dependencies = (
				494E1C39261062210077BD2D /* PBXTargetDependency */,
			);
			name = TACKticalUITests;
			productName = TACKticalUITests;
			productReference = 494E1C37261062210077BD2D /* TACKticalUITests.xctest */;
			productType = "com.apple.product-type.bundle.ui-testing";
		};
/* End PBXNativeTarget section */

/* Begin PBXProject section */
		494E1C132610621F0077BD2D /* Project object */ = {
			isa = PBXProject;
			attributes = {
				LastSwiftUpdateCheck = 1240;
				LastUpgradeCheck = 1240;
				TargetAttributes = {
					494E1C1A2610621F0077BD2D = {
						CreatedOnToolsVersion = 12.4;
					};
					494E1C2B261062200077BD2D = {
						CreatedOnToolsVersion = 12.4;
						TestTargetID = 494E1C1A2610621F0077BD2D;
					};
					494E1C36261062210077BD2D = {
						CreatedOnToolsVersion = 12.4;
						TestTargetID = 494E1C1A2610621F0077BD2D;
					};
				};
			};
			buildConfigurationList = 494E1C162610621F0077BD2D /* Build configuration list for PBXProject "TACKtical" */;
			compatibilityVersion = "Xcode 9.3";
			developmentRegion = en;
			hasScannedForEncodings = 0;
			knownRegions = (
				en,
				Base,
			);
			mainGroup = 494E1C122610621F0077BD2D;
			packageReferences = (
				AB72B19B262A9D1400D3A121 /* XCRemoteSwiftPackageReference "SDWebImageSwiftUI" */,
				AB8D88D8262B6C1E001D1C62 /* XCRemoteSwiftPackageReference "FSCalendar" */,
			);
			productRefGroup = 494E1C1C2610621F0077BD2D /* Products */;
			projectDirPath = "";
			projectRoot = "";
			targets = (
				494E1C1A2610621F0077BD2D /* TACKtical */,
				494E1C2B261062200077BD2D /* TACKticalTests */,
				494E1C36261062210077BD2D /* TACKticalUITests */,
			);
		};
/* End PBXProject section */

/* Begin PBXResourcesBuildPhase section */
		494E1C192610621F0077BD2D /* Resources */ = {
			isa = PBXResourcesBuildPhase;
			buildActionMask = 2147483647;
			files = (
				494E1C26261062200077BD2D /* Preview Assets.xcassets in Resources */,
				494E1C23261062200077BD2D /* Assets.xcassets in Resources */,
				ABBACB062612583300818408 /* GoogleService-Info.plist in Resources */,
			);
			runOnlyForDeploymentPostprocessing = 0;
		};
		494E1C2A261062200077BD2D /* Resources */ = {
			isa = PBXResourcesBuildPhase;
			buildActionMask = 2147483647;
			files = (
			);
			runOnlyForDeploymentPostprocessing = 0;
		};
		494E1C35261062210077BD2D /* Resources */ = {
			isa = PBXResourcesBuildPhase;
			buildActionMask = 2147483647;
			files = (
			);
			runOnlyForDeploymentPostprocessing = 0;
		};
/* End PBXResourcesBuildPhase section */

/* Begin PBXShellScriptBuildPhase section */
		24E647B17F40BBAB462F4EBF /* [CP] Check Pods Manifest.lock */ = {
			isa = PBXShellScriptBuildPhase;
			buildActionMask = 2147483647;
			files = (
			);
			inputFileListPaths = (
			);
			inputPaths = (
				"${PODS_PODFILE_DIR_PATH}/Podfile.lock",
				"${PODS_ROOT}/Manifest.lock",
			);
			name = "[CP] Check Pods Manifest.lock";
			outputFileListPaths = (
			);
			outputPaths = (
				"$(DERIVED_FILE_DIR)/Pods-TACKtical-checkManifestLockResult.txt",
			);
			runOnlyForDeploymentPostprocessing = 0;
			shellPath = /bin/sh;
			shellScript = "diff \"${PODS_PODFILE_DIR_PATH}/Podfile.lock\" \"${PODS_ROOT}/Manifest.lock\" > /dev/null\nif [ $? != 0 ] ; then\n    # print error to STDERR\n    echo \"error: The sandbox is not in sync with the Podfile.lock. Run 'pod install' or update your CocoaPods installation.\" >&2\n    exit 1\nfi\n# This output is used by Xcode 'outputs' to avoid re-running this script phase.\necho \"SUCCESS\" > \"${SCRIPT_OUTPUT_FILE_0}\"\n";
			showEnvVarsInLog = 0;
		};
		7D44E4339B4FC1F7ADAD011A /* [CP] Embed Pods Frameworks */ = {
			isa = PBXShellScriptBuildPhase;
			buildActionMask = 2147483647;
			files = (
			);
			inputFileListPaths = (
				"${PODS_ROOT}/Target Support Files/Pods-TACKtical/Pods-TACKtical-frameworks-${CONFIGURATION}-input-files.xcfilelist",
			);
			name = "[CP] Embed Pods Frameworks";
			outputFileListPaths = (
				"${PODS_ROOT}/Target Support Files/Pods-TACKtical/Pods-TACKtical-frameworks-${CONFIGURATION}-output-files.xcfilelist",
			);
			runOnlyForDeploymentPostprocessing = 0;
			shellPath = /bin/sh;
			shellScript = "\"${PODS_ROOT}/Target Support Files/Pods-TACKtical/Pods-TACKtical-frameworks.sh\"\n";
			showEnvVarsInLog = 0;
		};
		90603CCC91B5613A35902615 /* [CP] Check Pods Manifest.lock */ = {
			isa = PBXShellScriptBuildPhase;
			buildActionMask = 2147483647;
			files = (
			);
			inputFileListPaths = (
			);
			inputPaths = (
				"${PODS_PODFILE_DIR_PATH}/Podfile.lock",
				"${PODS_ROOT}/Manifest.lock",
			);
			name = "[CP] Check Pods Manifest.lock";
			outputFileListPaths = (
			);
			outputPaths = (
				"$(DERIVED_FILE_DIR)/Pods-TACKtical-TACKticalUITests-checkManifestLockResult.txt",
			);
			runOnlyForDeploymentPostprocessing = 0;
			shellPath = /bin/sh;
			shellScript = "diff \"${PODS_PODFILE_DIR_PATH}/Podfile.lock\" \"${PODS_ROOT}/Manifest.lock\" > /dev/null\nif [ $? != 0 ] ; then\n    # print error to STDERR\n    echo \"error: The sandbox is not in sync with the Podfile.lock. Run 'pod install' or update your CocoaPods installation.\" >&2\n    exit 1\nfi\n# This output is used by Xcode 'outputs' to avoid re-running this script phase.\necho \"SUCCESS\" > \"${SCRIPT_OUTPUT_FILE_0}\"\n";
			showEnvVarsInLog = 0;
		};
		DF3FAC3E5D5224837347D4EF /* [CP] Check Pods Manifest.lock */ = {
			isa = PBXShellScriptBuildPhase;
			buildActionMask = 2147483647;
			files = (
			);
			inputFileListPaths = (
			);
			inputPaths = (
				"${PODS_PODFILE_DIR_PATH}/Podfile.lock",
				"${PODS_ROOT}/Manifest.lock",
			);
			name = "[CP] Check Pods Manifest.lock";
			outputFileListPaths = (
			);
			outputPaths = (
				"$(DERIVED_FILE_DIR)/Pods-TACKticalTests-checkManifestLockResult.txt",
			);
			runOnlyForDeploymentPostprocessing = 0;
			shellPath = /bin/sh;
			shellScript = "diff \"${PODS_PODFILE_DIR_PATH}/Podfile.lock\" \"${PODS_ROOT}/Manifest.lock\" > /dev/null\nif [ $? != 0 ] ; then\n    # print error to STDERR\n    echo \"error: The sandbox is not in sync with the Podfile.lock. Run 'pod install' or update your CocoaPods installation.\" >&2\n    exit 1\nfi\n# This output is used by Xcode 'outputs' to avoid re-running this script phase.\necho \"SUCCESS\" > \"${SCRIPT_OUTPUT_FILE_0}\"\n";
			showEnvVarsInLog = 0;
		};
		E34446F5F92A18120570C8A0 /* [CP] Embed Pods Frameworks */ = {
			isa = PBXShellScriptBuildPhase;
			buildActionMask = 2147483647;
			files = (
			);
			inputFileListPaths = (
				"${PODS_ROOT}/Target Support Files/Pods-TACKtical-TACKticalUITests/Pods-TACKtical-TACKticalUITests-frameworks-${CONFIGURATION}-input-files.xcfilelist",
			);
			name = "[CP] Embed Pods Frameworks";
			outputFileListPaths = (
				"${PODS_ROOT}/Target Support Files/Pods-TACKtical-TACKticalUITests/Pods-TACKtical-TACKticalUITests-frameworks-${CONFIGURATION}-output-files.xcfilelist",
			);
			runOnlyForDeploymentPostprocessing = 0;
			shellPath = /bin/sh;
			shellScript = "\"${PODS_ROOT}/Target Support Files/Pods-TACKtical-TACKticalUITests/Pods-TACKtical-TACKticalUITests-frameworks.sh\"\n";
			showEnvVarsInLog = 0;
		};
/* End PBXShellScriptBuildPhase section */

/* Begin PBXSourcesBuildPhase section */
		494E1C172610621F0077BD2D /* Sources */ = {
			isa = PBXSourcesBuildPhase;
			buildActionMask = 2147483647;
			files = (
				AB8D88E4262B77ED001D1C62 /* DayView.swift in Sources */,
				494E1C212610621F0077BD2D /* ContentView.swift in Sources */,
				ABBACB312612655A00818408 /* HorseViewModel.swift in Sources */,
				AB98664B2618FA79006F66EA /* CreateProfileView.swift in Sources */,
				AB8D88F92633EC0C001D1C62 /* NameViewModel.swift in Sources */,
				AB8D88CF262B68AF001D1C62 /* AddEventView.swift in Sources */,
				AB72B15E26257CE700D3A121 /* DeleteProfileView.swift in Sources */,
				AB8D88E9262E7A27001D1C62 /* InstructorViewModel.swift in Sources */,
				ABBACB3E2613046A00818408 /* editProfile.swift in Sources */,
				AB8D892A2636A2A1001D1C62 /* RiderViewModel.swift in Sources */,
				AB8D890B26354A69001D1C62 /* ImageCache.swift in Sources */,
				AB8D88D4262B68F1001D1C62 /* CalendarView.swift in Sources */,
				494E1C1F2610621F0077BD2D /* TACKticalApp.swift in Sources */,
				AB8D89352636A2F6001D1C62 /* NewProfileView.swift in Sources */,
				AB8D89172636746A001D1C62 /* EventViewModel.swift in Sources */,
				49C1A2562630A6190093F067 /* MenuView.swift in Sources */,
				AB8D890C26354A69001D1C62 /* ImageLoader.swift in Sources */,
				AB986646261868CC006F66EA /* BarnDataView.swift in Sources */,
				AB72B1632625E27600D3A121 /* ImagePicker.swift in Sources */,
				AB8D890426354A57001D1C62 /* AsyncImage.swift in Sources */,
				ABBACB2C2612602D00818408 /* Horse.swift in Sources */,
				AB8D890D26354A69001D1C62 /* EnvironmentValues+ImageCache.swift in Sources */,
				AB8D88F12633623C001D1C62 /* HomeView.swift in Sources */,
				AB8D8912263673FD001D1C62 /* EditEventView.swift in Sources */,
			);
			runOnlyForDeploymentPostprocessing = 0;
		};
		494E1C28261062200077BD2D /* Sources */ = {
			isa = PBXSourcesBuildPhase;
			buildActionMask = 2147483647;
			files = (
				494E1C31261062200077BD2D /* TACKticalTests.swift in Sources */,
			);
			runOnlyForDeploymentPostprocessing = 0;
		};
		494E1C33261062210077BD2D /* Sources */ = {
			isa = PBXSourcesBuildPhase;
			buildActionMask = 2147483647;
			files = (
				494E1C3C261062210077BD2D /* TACKticalUITests.swift in Sources */,
			);
			runOnlyForDeploymentPostprocessing = 0;
		};
/* End PBXSourcesBuildPhase section */

/* Begin PBXTargetDependency section */
		494E1C2E261062200077BD2D /* PBXTargetDependency */ = {
			isa = PBXTargetDependency;
			target = 494E1C1A2610621F0077BD2D /* TACKtical */;
			targetProxy = 494E1C2D261062200077BD2D /* PBXContainerItemProxy */;
		};
		494E1C39261062210077BD2D /* PBXTargetDependency */ = {
			isa = PBXTargetDependency;
			target = 494E1C1A2610621F0077BD2D /* TACKtical */;
			targetProxy = 494E1C38261062210077BD2D /* PBXContainerItemProxy */;
		};
/* End PBXTargetDependency section */

/* Begin XCBuildConfiguration section */
		494E1C3E261062210077BD2D /* Debug */ = {
			isa = XCBuildConfiguration;
			buildSettings = {
				ALWAYS_SEARCH_USER_PATHS = NO;
				CLANG_ANALYZER_NONNULL = YES;
				CLANG_ANALYZER_NUMBER_OBJECT_CONVERSION = YES_AGGRESSIVE;
				CLANG_CXX_LANGUAGE_STANDARD = "gnu++14";
				CLANG_CXX_LIBRARY = "libc++";
				CLANG_ENABLE_MODULES = YES;
				CLANG_ENABLE_OBJC_ARC = YES;
				CLANG_ENABLE_OBJC_WEAK = YES;
				CLANG_WARN_BLOCK_CAPTURE_AUTORELEASING = YES;
				CLANG_WARN_BOOL_CONVERSION = YES;
				CLANG_WARN_COMMA = YES;
				CLANG_WARN_CONSTANT_CONVERSION = YES;
				CLANG_WARN_DEPRECATED_OBJC_IMPLEMENTATIONS = YES;
				CLANG_WARN_DIRECT_OBJC_ISA_USAGE = YES_ERROR;
				CLANG_WARN_DOCUMENTATION_COMMENTS = YES;
				CLANG_WARN_EMPTY_BODY = YES;
				CLANG_WARN_ENUM_CONVERSION = YES;
				CLANG_WARN_INFINITE_RECURSION = YES;
				CLANG_WARN_INT_CONVERSION = YES;
				CLANG_WARN_NON_LITERAL_NULL_CONVERSION = YES;
				CLANG_WARN_OBJC_IMPLICIT_RETAIN_SELF = YES;
				CLANG_WARN_OBJC_LITERAL_CONVERSION = YES;
				CLANG_WARN_OBJC_ROOT_CLASS = YES_ERROR;
				CLANG_WARN_QUOTED_INCLUDE_IN_FRAMEWORK_HEADER = YES;
				CLANG_WARN_RANGE_LOOP_ANALYSIS = YES;
				CLANG_WARN_STRICT_PROTOTYPES = YES;
				CLANG_WARN_SUSPICIOUS_MOVE = YES;
				CLANG_WARN_UNGUARDED_AVAILABILITY = YES_AGGRESSIVE;
				CLANG_WARN_UNREACHABLE_CODE = YES;
				CLANG_WARN__DUPLICATE_METHOD_MATCH = YES;
				COPY_PHASE_STRIP = NO;
				DEBUG_INFORMATION_FORMAT = dwarf;
				ENABLE_STRICT_OBJC_MSGSEND = YES;
				ENABLE_TESTABILITY = YES;
				GCC_C_LANGUAGE_STANDARD = gnu11;
				GCC_DYNAMIC_NO_PIC = NO;
				GCC_NO_COMMON_BLOCKS = YES;
				GCC_OPTIMIZATION_LEVEL = 0;
				GCC_PREPROCESSOR_DEFINITIONS = (
					"DEBUG=1",
					"$(inherited)",
				);
				GCC_WARN_64_TO_32_BIT_CONVERSION = YES;
				GCC_WARN_ABOUT_RETURN_TYPE = YES_ERROR;
				GCC_WARN_UNDECLARED_SELECTOR = YES;
				GCC_WARN_UNINITIALIZED_AUTOS = YES_AGGRESSIVE;
				GCC_WARN_UNUSED_FUNCTION = YES;
				GCC_WARN_UNUSED_VARIABLE = YES;
				IPHONEOS_DEPLOYMENT_TARGET = 14.4;
				MTL_ENABLE_DEBUG_INFO = INCLUDE_SOURCE;
				MTL_FAST_MATH = YES;
				ONLY_ACTIVE_ARCH = YES;
				SDKROOT = iphoneos;
				SWIFT_ACTIVE_COMPILATION_CONDITIONS = DEBUG;
				SWIFT_OPTIMIZATION_LEVEL = "-Onone";
			};
			name = Debug;
		};
		494E1C3F261062210077BD2D /* Release */ = {
			isa = XCBuildConfiguration;
			buildSettings = {
				ALWAYS_SEARCH_USER_PATHS = NO;
				CLANG_ANALYZER_NONNULL = YES;
				CLANG_ANALYZER_NUMBER_OBJECT_CONVERSION = YES_AGGRESSIVE;
				CLANG_CXX_LANGUAGE_STANDARD = "gnu++14";
				CLANG_CXX_LIBRARY = "libc++";
				CLANG_ENABLE_MODULES = YES;
				CLANG_ENABLE_OBJC_ARC = YES;
				CLANG_ENABLE_OBJC_WEAK = YES;
				CLANG_WARN_BLOCK_CAPTURE_AUTORELEASING = YES;
				CLANG_WARN_BOOL_CONVERSION = YES;
				CLANG_WARN_COMMA = YES;
				CLANG_WARN_CONSTANT_CONVERSION = YES;
				CLANG_WARN_DEPRECATED_OBJC_IMPLEMENTATIONS = YES;
				CLANG_WARN_DIRECT_OBJC_ISA_USAGE = YES_ERROR;
				CLANG_WARN_DOCUMENTATION_COMMENTS = YES;
				CLANG_WARN_EMPTY_BODY = YES;
				CLANG_WARN_ENUM_CONVERSION = YES;
				CLANG_WARN_INFINITE_RECURSION = YES;
				CLANG_WARN_INT_CONVERSION = YES;
				CLANG_WARN_NON_LITERAL_NULL_CONVERSION = YES;
				CLANG_WARN_OBJC_IMPLICIT_RETAIN_SELF = YES;
				CLANG_WARN_OBJC_LITERAL_CONVERSION = YES;
				CLANG_WARN_OBJC_ROOT_CLASS = YES_ERROR;
				CLANG_WARN_QUOTED_INCLUDE_IN_FRAMEWORK_HEADER = YES;
				CLANG_WARN_RANGE_LOOP_ANALYSIS = YES;
				CLANG_WARN_STRICT_PROTOTYPES = YES;
				CLANG_WARN_SUSPICIOUS_MOVE = YES;
				CLANG_WARN_UNGUARDED_AVAILABILITY = YES_AGGRESSIVE;
				CLANG_WARN_UNREACHABLE_CODE = YES;
				CLANG_WARN__DUPLICATE_METHOD_MATCH = YES;
				COPY_PHASE_STRIP = NO;
				DEBUG_INFORMATION_FORMAT = "dwarf-with-dsym";
				ENABLE_NS_ASSERTIONS = NO;
				ENABLE_STRICT_OBJC_MSGSEND = YES;
				GCC_C_LANGUAGE_STANDARD = gnu11;
				GCC_NO_COMMON_BLOCKS = YES;
				GCC_WARN_64_TO_32_BIT_CONVERSION = YES;
				GCC_WARN_ABOUT_RETURN_TYPE = YES_ERROR;
				GCC_WARN_UNDECLARED_SELECTOR = YES;
				GCC_WARN_UNINITIALIZED_AUTOS = YES_AGGRESSIVE;
				GCC_WARN_UNUSED_FUNCTION = YES;
				GCC_WARN_UNUSED_VARIABLE = YES;
				IPHONEOS_DEPLOYMENT_TARGET = 14.4;
				MTL_ENABLE_DEBUG_INFO = NO;
				MTL_FAST_MATH = YES;
				SDKROOT = iphoneos;
				SWIFT_COMPILATION_MODE = wholemodule;
				SWIFT_OPTIMIZATION_LEVEL = "-O";
				VALIDATE_PRODUCT = YES;
			};
			name = Release;
		};
		494E1C41261062210077BD2D /* Debug */ = {
			isa = XCBuildConfiguration;
			baseConfigurationReference = 1288A12B7348922719FFEDB0 /* Pods-TACKtical.debug.xcconfig */;
			buildSettings = {
				ASSETCATALOG_COMPILER_APPICON_NAME = AppIcon;
				ASSETCATALOG_COMPILER_GLOBAL_ACCENT_COLOR_NAME = AccentColor;
				CODE_SIGN_STYLE = Automatic;
				DEVELOPMENT_ASSET_PATHS = "\"TACKtical/Preview Content\"";
				ENABLE_PREVIEWS = YES;
				INFOPLIST_FILE = TACKtical/Info.plist;
				IPHONEOS_DEPLOYMENT_TARGET = 14.0;
				LD_RUNPATH_SEARCH_PATHS = (
					"$(inherited)",
					"@executable_path/Frameworks",
				);
				PRODUCT_BUNDLE_IDENTIFIER = TACKtical.TACKtical;
				PRODUCT_NAME = "$(TARGET_NAME)";
				SWIFT_VERSION = 5.0;
				TARGETED_DEVICE_FAMILY = "1,2";
			};
			name = Debug;
		};
		494E1C42261062210077BD2D /* Release */ = {
			isa = XCBuildConfiguration;
			baseConfigurationReference = EF4671FE5209381A029D46E6 /* Pods-TACKtical.release.xcconfig */;
			buildSettings = {
				ASSETCATALOG_COMPILER_APPICON_NAME = AppIcon;
				ASSETCATALOG_COMPILER_GLOBAL_ACCENT_COLOR_NAME = AccentColor;
				CODE_SIGN_STYLE = Automatic;
				DEVELOPMENT_ASSET_PATHS = "\"TACKtical/Preview Content\"";
				ENABLE_PREVIEWS = YES;
				INFOPLIST_FILE = TACKtical/Info.plist;
				IPHONEOS_DEPLOYMENT_TARGET = 14.0;
				LD_RUNPATH_SEARCH_PATHS = (
					"$(inherited)",
					"@executable_path/Frameworks",
				);
				PRODUCT_BUNDLE_IDENTIFIER = TACKtical.TACKtical;
				PRODUCT_NAME = "$(TARGET_NAME)";
				SWIFT_VERSION = 5.0;
				TARGETED_DEVICE_FAMILY = "1,2";
			};
			name = Release;
		};
		494E1C44261062210077BD2D /* Debug */ = {
			isa = XCBuildConfiguration;
			baseConfigurationReference = 38B2D5EAC02691D99D759E26 /* Pods-TACKticalTests.debug.xcconfig */;
			buildSettings = {
				ALWAYS_EMBED_SWIFT_STANDARD_LIBRARIES = YES;
				BUNDLE_LOADER = "$(TEST_HOST)";
				CODE_SIGN_STYLE = Automatic;
				INFOPLIST_FILE = TACKticalTests/Info.plist;
				IPHONEOS_DEPLOYMENT_TARGET = 14.0;
				LD_RUNPATH_SEARCH_PATHS = (
					"$(inherited)",
					"@executable_path/Frameworks",
					"@loader_path/Frameworks",
				);
				PRODUCT_BUNDLE_IDENTIFIER = TACKtical.TACKticalTests;
				PRODUCT_NAME = "$(TARGET_NAME)";
				SWIFT_VERSION = 5.0;
				TARGETED_DEVICE_FAMILY = "1,2";
				TEST_HOST = "$(BUILT_PRODUCTS_DIR)/TACKtical.app/TACKtical";
			};
			name = Debug;
		};
		494E1C45261062210077BD2D /* Release */ = {
			isa = XCBuildConfiguration;
			baseConfigurationReference = A6A221A94B3451F8034D5B78 /* Pods-TACKticalTests.release.xcconfig */;
			buildSettings = {
				ALWAYS_EMBED_SWIFT_STANDARD_LIBRARIES = YES;
				BUNDLE_LOADER = "$(TEST_HOST)";
				CODE_SIGN_STYLE = Automatic;
				INFOPLIST_FILE = TACKticalTests/Info.plist;
				IPHONEOS_DEPLOYMENT_TARGET = 14.0;
				LD_RUNPATH_SEARCH_PATHS = (
					"$(inherited)",
					"@executable_path/Frameworks",
					"@loader_path/Frameworks",
				);
				PRODUCT_BUNDLE_IDENTIFIER = TACKtical.TACKticalTests;
				PRODUCT_NAME = "$(TARGET_NAME)";
				SWIFT_VERSION = 5.0;
				TARGETED_DEVICE_FAMILY = "1,2";
				TEST_HOST = "$(BUILT_PRODUCTS_DIR)/TACKtical.app/TACKtical";
			};
			name = Release;
		};
		494E1C47261062210077BD2D /* Debug */ = {
			isa = XCBuildConfiguration;
			baseConfigurationReference = 2923A4996C7A37884F838C01 /* Pods-TACKtical-TACKticalUITests.debug.xcconfig */;
			buildSettings = {
				ALWAYS_EMBED_SWIFT_STANDARD_LIBRARIES = YES;
				CODE_SIGN_STYLE = Automatic;
				INFOPLIST_FILE = TACKticalUITests/Info.plist;
				LD_RUNPATH_SEARCH_PATHS = (
					"$(inherited)",
					"@executable_path/Frameworks",
					"@loader_path/Frameworks",
				);
				PRODUCT_BUNDLE_IDENTIFIER = TACKtical.TACKticalUITests;
				PRODUCT_NAME = "$(TARGET_NAME)";
				SWIFT_VERSION = 5.0;
				TARGETED_DEVICE_FAMILY = "1,2";
				TEST_TARGET_NAME = TACKtical;
			};
			name = Debug;
		};
		494E1C48261062210077BD2D /* Release */ = {
			isa = XCBuildConfiguration;
			baseConfigurationReference = 90F489FA07064A61778C10FA /* Pods-TACKtical-TACKticalUITests.release.xcconfig */;
			buildSettings = {
				ALWAYS_EMBED_SWIFT_STANDARD_LIBRARIES = YES;
				CODE_SIGN_STYLE = Automatic;
				INFOPLIST_FILE = TACKticalUITests/Info.plist;
				LD_RUNPATH_SEARCH_PATHS = (
					"$(inherited)",
					"@executable_path/Frameworks",
					"@loader_path/Frameworks",
				);
				PRODUCT_BUNDLE_IDENTIFIER = TACKtical.TACKticalUITests;
				PRODUCT_NAME = "$(TARGET_NAME)";
				SWIFT_VERSION = 5.0;
				TARGETED_DEVICE_FAMILY = "1,2";
				TEST_TARGET_NAME = TACKtical;
			};
			name = Release;
		};
/* End XCBuildConfiguration section */

/* Begin XCConfigurationList section */
		494E1C162610621F0077BD2D /* Build configuration list for PBXProject "TACKtical" */ = {
			isa = XCConfigurationList;
			buildConfigurations = (
				494E1C3E261062210077BD2D /* Debug */,
				494E1C3F261062210077BD2D /* Release */,
			);
			defaultConfigurationIsVisible = 0;
			defaultConfigurationName = Release;
		};
		494E1C40261062210077BD2D /* Build configuration list for PBXNativeTarget "TACKtical" */ = {
			isa = XCConfigurationList;
			buildConfigurations = (
				494E1C41261062210077BD2D /* Debug */,
				494E1C42261062210077BD2D /* Release */,
			);
			defaultConfigurationIsVisible = 0;
			defaultConfigurationName = Release;
		};
		494E1C43261062210077BD2D /* Build configuration list for PBXNativeTarget "TACKticalTests" */ = {
			isa = XCConfigurationList;
			buildConfigurations = (
				494E1C44261062210077BD2D /* Debug */,
				494E1C45261062210077BD2D /* Release */,
			);
			defaultConfigurationIsVisible = 0;
			defaultConfigurationName = Release;
		};
		494E1C46261062210077BD2D /* Build configuration list for PBXNativeTarget "TACKticalUITests" */ = {
			isa = XCConfigurationList;
			buildConfigurations = (
				494E1C47261062210077BD2D /* Debug */,
				494E1C48261062210077BD2D /* Release */,
			);
			defaultConfigurationIsVisible = 0;
			defaultConfigurationName = Release;
		};
/* End XCConfigurationList section */

/* Begin XCRemoteSwiftPackageReference section */
		AB72B19B262A9D1400D3A121 /* XCRemoteSwiftPackageReference "SDWebImageSwiftUI" */ = {
			isa = XCRemoteSwiftPackageReference;
			repositoryURL = "https://github.com/SDWebImage/SDWebImageSwiftUI.git";
			requirement = {
				kind = upToNextMajorVersion;
				minimumVersion = 2.0.2;
			};
		};
		AB8D88D8262B6C1E001D1C62 /* XCRemoteSwiftPackageReference "FSCalendar" */ = {
			isa = XCRemoteSwiftPackageReference;
			repositoryURL = "https://github.com/WenchaoD/FSCalendar.git";
			requirement = {
				kind = upToNextMajorVersion;
				minimumVersion = 2.8.2;
			};
		};
/* End XCRemoteSwiftPackageReference section */

/* Begin XCSwiftPackageProductDependency section */
		AB72B19C262A9D1400D3A121 /* SDWebImageSwiftUI */ = {
			isa = XCSwiftPackageProductDependency;
			package = AB72B19B262A9D1400D3A121 /* XCRemoteSwiftPackageReference "SDWebImageSwiftUI" */;
			productName = SDWebImageSwiftUI;
		};
		AB8D88D9262B6C1E001D1C62 /* FSCalendar */ = {
			isa = XCSwiftPackageProductDependency;
			package = AB8D88D8262B6C1E001D1C62 /* XCRemoteSwiftPackageReference "FSCalendar" */;
			productName = FSCalendar;
		};
/* End XCSwiftPackageProductDependency section */
	};
	rootObject = 494E1C132610621F0077BD2D /* Project object */;
}
